// !$*UTF8*$!
{
	archiveVersion = 1;
	classes = {
	};
	objectVersion = 46;
	objects = {

/* Begin PBXBuildFile section */
		013341B8164B4C0700C2984B /* MenuViewController.m in Sources */ = {isa = PBXBuildFile; fileRef = 013341B6164B4C0700C2984B /* MenuViewController.m */; };
		013341B9164B4C0700C2984B /* MenuViewController.xib in Resources */ = {isa = PBXBuildFile; fileRef = 013341B7164B4C0700C2984B /* MenuViewController.xib */; };
		013341BD164B58C100C2984B /* BlocosByPlaceViewController.m in Sources */ = {isa = PBXBuildFile; fileRef = 013341BB164B58C100C2984B /* BlocosByPlaceViewController.m */; };
		013341BE164B58C100C2984B /* BlocosByPlaceViewController.xib in Resources */ = {isa = PBXBuildFile; fileRef = 013341BC164B58C100C2984B /* BlocosByPlaceViewController.xib */; };
		013341C5164B5B1300C2984B /* ZUUIRevealController.m in Sources */ = {isa = PBXBuildFile; fileRef = 013341C3164B5B1300C2984B /* ZUUIRevealController.m */; };
		013341C7164B5DD900C2984B /* MapKit.framework in Frameworks */ = {isa = PBXBuildFile; fileRef = 013341C6164B5DD900C2984B /* MapKit.framework */; };
		014EECC0164DC80000C4F626 /* navigation-bar.png in Resources */ = {isa = PBXBuildFile; fileRef = 014EECBF164DC80000C4F626 /* navigation-bar.png */; };
		014EECC2164DC80E00C4F626 /* navigation-bar@2x.png in Resources */ = {isa = PBXBuildFile; fileRef = 014EECC1164DC80D00C4F626 /* navigation-bar@2x.png */; };
		014EECC4164DC82400C4F626 /* 57x57.png in Resources */ = {isa = PBXBuildFile; fileRef = 014EECC3164DC82400C4F626 /* 57x57.png */; };
		018B5E63164D8B8600042B4E /* NavigationRootLevelViewController.m in Sources */ = {isa = PBXBuildFile; fileRef = 018B5E62164D8B8600042B4E /* NavigationRootLevelViewController.m */; };
		018B5E67164D8E0500042B4E /* LoginViewController.m in Sources */ = {isa = PBXBuildFile; fileRef = 018B5E65164D8E0500042B4E /* LoginViewController.m */; };
		018B5E68164D8E0500042B4E /* LoginViewController.xib in Resources */ = {isa = PBXBuildFile; fileRef = 018B5E66164D8E0500042B4E /* LoginViewController.xib */; };
		018B5E6E164DA0CE00042B4E /* Parse.framework in Frameworks */ = {isa = PBXBuildFile; fileRef = 018B5E6D164DA0CE00042B4E /* Parse.framework */; };
		018B5E70164DA0DE00042B4E /* FacebookSDK.framework in Frameworks */ = {isa = PBXBuildFile; fileRef = 018B5E6F164DA0DE00042B4E /* FacebookSDK.framework */; };
		018B5E72164DA0F000042B4E /* FacebookSDKResources.bundle in Resources */ = {isa = PBXBuildFile; fileRef = 018B5E71164DA0F000042B4E /* FacebookSDKResources.bundle */; };
		018B5E76164DB19B00042B4E /* BlocoViewController.m in Sources */ = {isa = PBXBuildFile; fileRef = 018B5E74164DB19B00042B4E /* BlocoViewController.m */; };
		018B5E77164DB19B00042B4E /* BlocoViewController.xib in Resources */ = {isa = PBXBuildFile; fileRef = 018B5E75164DB19B00042B4E /* BlocoViewController.xib */; };
		01BE6228164B3B000000679C /* UIKit.framework in Frameworks */ = {isa = PBXBuildFile; fileRef = 01BE6227164B3B000000679C /* UIKit.framework */; };
		01BE622A164B3B000000679C /* Foundation.framework in Frameworks */ = {isa = PBXBuildFile; fileRef = 01BE6229164B3B000000679C /* Foundation.framework */; };
		01BE622C164B3B000000679C /* CoreGraphics.framework in Frameworks */ = {isa = PBXBuildFile; fileRef = 01BE622B164B3B000000679C /* CoreGraphics.framework */; };
		01BE6232164B3B000000679C /* InfoPlist.strings in Resources */ = {isa = PBXBuildFile; fileRef = 01BE6230164B3B000000679C /* InfoPlist.strings */; };
		01BE6234164B3B000000679C /* main.m in Sources */ = {isa = PBXBuildFile; fileRef = 01BE6233164B3B000000679C /* main.m */; };
		01BE6238164B3B000000679C /* AppDelegate.m in Sources */ = {isa = PBXBuildFile; fileRef = 01BE6237164B3B000000679C /* AppDelegate.m */; };
		01BE623A164B3B000000679C /* Default.png in Resources */ = {isa = PBXBuildFile; fileRef = 01BE6239164B3B000000679C /* Default.png */; };
		01BE623C164B3B000000679C /* Default@2x.png in Resources */ = {isa = PBXBuildFile; fileRef = 01BE623B164B3B000000679C /* Default@2x.png */; };
		01BE623E164B3B000000679C /* Default-568h@2x.png in Resources */ = {isa = PBXBuildFile; fileRef = 01BE623D164B3B000000679C /* Default-568h@2x.png */; };
		01BE6246164B3B010000679C /* SenTestingKit.framework in Frameworks */ = {isa = PBXBuildFile; fileRef = 01BE6245164B3B010000679C /* SenTestingKit.framework */; };
		01BE6247164B3B010000679C /* UIKit.framework in Frameworks */ = {isa = PBXBuildFile; fileRef = 01BE6227164B3B000000679C /* UIKit.framework */; };
		01BE6248164B3B010000679C /* Foundation.framework in Frameworks */ = {isa = PBXBuildFile; fileRef = 01BE6229164B3B000000679C /* Foundation.framework */; };
		01BE6250164B3B010000679C /* InfoPlist.strings in Resources */ = {isa = PBXBuildFile; fileRef = 01BE624E164B3B010000679C /* InfoPlist.strings */; };
		01BE6253164B3B010000679C /* FoliaoTests.m in Sources */ = {isa = PBXBuildFile; fileRef = 01BE6252164B3B010000679C /* FoliaoTests.m */; };
		01BE6263164B3CEA0000679C /* 114x114.png in Resources */ = {isa = PBXBuildFile; fileRef = 01BE6261164B3CEA0000679C /* 114x114.png */; };
		01BE6264164B3CEA0000679C /* 512x512.png in Resources */ = {isa = PBXBuildFile; fileRef = 01BE6262164B3CEA0000679C /* 512x512.png */; };
		01BE6277164B3D450000679C /* bt-checkin.png in Resources */ = {isa = PBXBuildFile; fileRef = 01BE6268164B3D450000679C /* bt-checkin.png */; };
		01BE6278164B3D450000679C /* bt-base.png in Resources */ = {isa = PBXBuildFile; fileRef = 01BE6269164B3D450000679C /* bt-base.png */; };
		01BE6279164B3D450000679C /* bt-menu.png in Resources */ = {isa = PBXBuildFile; fileRef = 01BE626A164B3D450000679C /* bt-menu.png */; };
		01BE627A164B3D450000679C /* bt-ok.png in Resources */ = {isa = PBXBuildFile; fileRef = 01BE626B164B3D450000679C /* bt-ok.png */; };
		01BE627B164B3D450000679C /* bt-voltar.png in Resources */ = {isa = PBXBuildFile; fileRef = 01BE626C164B3D450000679C /* bt-voltar.png */; };
		01BE627C164B3D450000679C /* marca.png in Resources */ = {isa = PBXBuildFile; fileRef = 01BE626D164B3D450000679C /* marca.png */; };
		01BE627D164B3D450000679C /* seta-quem-vai.png in Resources */ = {isa = PBXBuildFile; fileRef = 01BE626E164B3D450000679C /* seta-quem-vai.png */; };
		01BE627E164B3D450000679C /* bt-checkin.png in Resources */ = {isa = PBXBuildFile; fileRef = 01BE6270164B3D450000679C /* bt-checkin.png */; };
		01BE627F164B3D450000679C /* bt-base.png in Resources */ = {isa = PBXBuildFile; fileRef = 01BE6271164B3D450000679C /* bt-base.png */; };
		01BE6280164B3D450000679C /* bt-menu.png in Resources */ = {isa = PBXBuildFile; fileRef = 01BE6272164B3D450000679C /* bt-menu.png */; };
		01BE6281164B3D450000679C /* bt-ok.png in Resources */ = {isa = PBXBuildFile; fileRef = 01BE6273164B3D450000679C /* bt-ok.png */; };
		01BE6282164B3D450000679C /* bt-voltar.png in Resources */ = {isa = PBXBuildFile; fileRef = 01BE6274164B3D450000679C /* bt-voltar.png */; };
		01BE6283164B3D450000679C /* marca.png in Resources */ = {isa = PBXBuildFile; fileRef = 01BE6275164B3D450000679C /* marca.png */; };
		01BE6284164B3D450000679C /* seta-quem-vai.png in Resources */ = {isa = PBXBuildFile; fileRef = 01BE6276164B3D450000679C /* seta-quem-vai.png */; };
		01E0CFDA164BDD2600940C77 /* AudioToolbox.framework in Frameworks */ = {isa = PBXBuildFile; fileRef = 01E0CFD9164BDD2600940C77 /* AudioToolbox.framework */; };
		01E0CFDC164BDD2D00940C77 /* Accounts.framework in Frameworks */ = {isa = PBXBuildFile; fileRef = 01E0CFDB164BDD2D00940C77 /* Accounts.framework */; settings = {ATTRIBUTES = (Weak, ); }; };
		01E0CFDE164BDD3A00940C77 /* AdSupport.framework in Frameworks */ = {isa = PBXBuildFile; fileRef = 01E0CFDD164BDD3A00940C77 /* AdSupport.framework */; settings = {ATTRIBUTES = (Weak, ); }; };
		01E0CFE0164BDD4000940C77 /* CFNetwork.framework in Frameworks */ = {isa = PBXBuildFile; fileRef = 01E0CFDF164BDD4000940C77 /* CFNetwork.framework */; };
		01E0CFE2164BDD5100940C77 /* CoreLocation.framework in Frameworks */ = {isa = PBXBuildFile; fileRef = 01E0CFE1164BDD5100940C77 /* CoreLocation.framework */; };
		01E0CFE4164BDD5B00940C77 /* libsqlite3.dylib in Frameworks */ = {isa = PBXBuildFile; fileRef = 01E0CFE3164BDD5B00940C77 /* libsqlite3.dylib */; };
		01E0CFE6164BDD6400940C77 /* libz.1.1.3.dylib in Frameworks */ = {isa = PBXBuildFile; fileRef = 01E0CFE5164BDD6400940C77 /* libz.1.1.3.dylib */; };
		01E0CFE8164BDD6A00940C77 /* MobileCoreServices.framework in Frameworks */ = {isa = PBXBuildFile; fileRef = 01E0CFE7164BDD6A00940C77 /* MobileCoreServices.framework */; };
		01E0CFEA164BDD7000940C77 /* QuartzCore.framework in Frameworks */ = {isa = PBXBuildFile; fileRef = 01E0CFE9164BDD7000940C77 /* QuartzCore.framework */; };
		01E0CFEC164BDD7500940C77 /* Security.framework in Frameworks */ = {isa = PBXBuildFile; fileRef = 01E0CFEB164BDD7500940C77 /* Security.framework */; };
		01E0CFEE164BDD7C00940C77 /* Social.framework in Frameworks */ = {isa = PBXBuildFile; fileRef = 01E0CFED164BDD7C00940C77 /* Social.framework */; settings = {ATTRIBUTES = (Weak, ); }; };
		01E0CFF0164BDD8100940C77 /* StoreKit.framework in Frameworks */ = {isa = PBXBuildFile; fileRef = 01E0CFEF164BDD8100940C77 /* StoreKit.framework */; };
		01E0CFF2164BDD8600940C77 /* SystemConfiguration.framework in Frameworks */ = {isa = PBXBuildFile; fileRef = 01E0CFF1164BDD8600940C77 /* SystemConfiguration.framework */; };
		01E0CFF6164BE2A300940C77 /* BlocosByNameViewController.m in Sources */ = {isa = PBXBuildFile; fileRef = 01E0CFF4164BE2A300940C77 /* BlocosByNameViewController.m */; };
		01E0CFF7164BE2A300940C77 /* BlocosByNameViewController.xib in Resources */ = {isa = PBXBuildFile; fileRef = 01E0CFF5164BE2A300940C77 /* BlocosByNameViewController.xib */; };
/* End PBXBuildFile section */

/* Begin PBXContainerItemProxy section */
		01BE6249164B3B010000679C /* PBXContainerItemProxy */ = {
			isa = PBXContainerItemProxy;
			containerPortal = 01BE621A164B3B000000679C /* Project object */;
			proxyType = 1;
			remoteGlobalIDString = 01BE6222164B3B000000679C;
			remoteInfo = Foliao;
		};
/* End PBXContainerItemProxy section */

/* Begin PBXFileReference section */
		013341B5164B4C0700C2984B /* MenuViewController.h */ = {isa = PBXFileReference; fileEncoding = 4; lastKnownFileType = sourcecode.c.h; name = MenuViewController.h; path = Controllers/MenuViewController.h; sourceTree = "<group>"; };
		013341B6164B4C0700C2984B /* MenuViewController.m */ = {isa = PBXFileReference; fileEncoding = 4; lastKnownFileType = sourcecode.c.objc; name = MenuViewController.m; path = Controllers/MenuViewController.m; sourceTree = "<group>"; };
		013341B7164B4C0700C2984B /* MenuViewController.xib */ = {isa = PBXFileReference; fileEncoding = 4; lastKnownFileType = file.xib; name = MenuViewController.xib; path = ../Controllers/MenuViewController.xib; sourceTree = "<group>"; };
		013341BA164B58C100C2984B /* BlocosByPlaceViewController.h */ = {isa = PBXFileReference; fileEncoding = 4; lastKnownFileType = sourcecode.c.h; name = BlocosByPlaceViewController.h; path = Controllers/BlocosByPlaceViewController.h; sourceTree = "<group>"; };
		013341BB164B58C100C2984B /* BlocosByPlaceViewController.m */ = {isa = PBXFileReference; fileEncoding = 4; lastKnownFileType = sourcecode.c.objc; name = BlocosByPlaceViewController.m; path = Controllers/BlocosByPlaceViewController.m; sourceTree = "<group>"; };
		013341BC164B58C100C2984B /* BlocosByPlaceViewController.xib */ = {isa = PBXFileReference; fileEncoding = 4; lastKnownFileType = file.xib; name = BlocosByPlaceViewController.xib; path = ../Controllers/BlocosByPlaceViewController.xib; sourceTree = "<group>"; };
		013341C2164B5B1300C2984B /* ZUUIRevealController.h */ = {isa = PBXFileReference; fileEncoding = 4; lastKnownFileType = sourcecode.c.h; path = ZUUIRevealController.h; sourceTree = "<group>"; };
		013341C3164B5B1300C2984B /* ZUUIRevealController.m */ = {isa = PBXFileReference; fileEncoding = 4; lastKnownFileType = sourcecode.c.objc; path = ZUUIRevealController.m; sourceTree = "<group>"; };
		013341C6164B5DD900C2984B /* MapKit.framework */ = {isa = PBXFileReference; lastKnownFileType = wrapper.framework; name = MapKit.framework; path = System/Library/Frameworks/MapKit.framework; sourceTree = SDKROOT; };
		014EECBF164DC80000C4F626 /* navigation-bar.png */ = {isa = PBXFileReference; lastKnownFileType = image.png; path = "navigation-bar.png"; sourceTree = "<group>"; };
		014EECC1164DC80D00C4F626 /* navigation-bar@2x.png */ = {isa = PBXFileReference; lastKnownFileType = image.png; path = "navigation-bar@2x.png"; sourceTree = "<group>"; };
		014EECC3164DC82400C4F626 /* 57x57.png */ = {isa = PBXFileReference; lastKnownFileType = image.png; path = 57x57.png; sourceTree = "<group>"; };
		018B5E60164D869000042B4E /* AppConstants.h */ = {isa = PBXFileReference; lastKnownFileType = sourcecode.c.h; path = AppConstants.h; sourceTree = "<group>"; };
		018B5E61164D8B8600042B4E /* NavigationRootLevelViewController.h */ = {isa = PBXFileReference; fileEncoding = 4; lastKnownFileType = sourcecode.c.h; path = NavigationRootLevelViewController.h; sourceTree = "<group>"; };
		018B5E62164D8B8600042B4E /* NavigationRootLevelViewController.m */ = {isa = PBXFileReference; fileEncoding = 4; lastKnownFileType = sourcecode.c.objc; path = NavigationRootLevelViewController.m; sourceTree = "<group>"; };
		018B5E64164D8E0500042B4E /* LoginViewController.h */ = {isa = PBXFileReference; fileEncoding = 4; lastKnownFileType = sourcecode.c.h; path = LoginViewController.h; sourceTree = "<group>"; };
		018B5E65164D8E0500042B4E /* LoginViewController.m */ = {isa = PBXFileReference; fileEncoding = 4; lastKnownFileType = sourcecode.c.objc; path = LoginViewController.m; sourceTree = "<group>"; };
		018B5E66164D8E0500042B4E /* LoginViewController.xib */ = {isa = PBXFileReference; fileEncoding = 4; lastKnownFileType = file.xib; name = LoginViewController.xib; path = ../LoginViewController.xib; sourceTree = "<group>"; };
		018B5E6D164DA0CE00042B4E /* Parse.framework */ = {isa = PBXFileReference; lastKnownFileType = wrapper.framework; name = Parse.framework; path = ../../../Frameworks/Parse.framework; sourceTree = "<group>"; };
		018B5E6F164DA0DE00042B4E /* FacebookSDK.framework */ = {isa = PBXFileReference; lastKnownFileType = wrapper.framework; name = FacebookSDK.framework; path = ../../../Frameworks/FacebookSDK/FacebookSDK.framework; sourceTree = "<group>"; };
		018B5E71164DA0F000042B4E /* FacebookSDKResources.bundle */ = {isa = PBXFileReference; lastKnownFileType = "wrapper.plug-in"; name = FacebookSDKResources.bundle; path = ../../../Frameworks/FacebookSDK/FacebookSDK.framework/Versions/A/Resources/FacebookSDKResources.bundle; sourceTree = "<group>"; };
		018B5E73164DB19B00042B4E /* BlocoViewController.h */ = {isa = PBXFileReference; fileEncoding = 4; lastKnownFileType = sourcecode.c.h; path = BlocoViewController.h; sourceTree = "<group>"; };
		018B5E74164DB19B00042B4E /* BlocoViewController.m */ = {isa = PBXFileReference; fileEncoding = 4; lastKnownFileType = sourcecode.c.objc; path = BlocoViewController.m; sourceTree = "<group>"; };
		018B5E75164DB19B00042B4E /* BlocoViewController.xib */ = {isa = PBXFileReference; fileEncoding = 4; lastKnownFileType = file.xib; name = BlocoViewController.xib; path = ../BlocoViewController.xib; sourceTree = "<group>"; };
		01BE6223164B3B000000679C /* Foliao.app */ = {isa = PBXFileReference; explicitFileType = wrapper.application; includeInIndex = 0; path = Foliao.app; sourceTree = BUILT_PRODUCTS_DIR; };
		01BE6227164B3B000000679C /* UIKit.framework */ = {isa = PBXFileReference; lastKnownFileType = wrapper.framework; name = UIKit.framework; path = System/Library/Frameworks/UIKit.framework; sourceTree = SDKROOT; };
		01BE6229164B3B000000679C /* Foundation.framework */ = {isa = PBXFileReference; lastKnownFileType = wrapper.framework; name = Foundation.framework; path = System/Library/Frameworks/Foundation.framework; sourceTree = SDKROOT; };
		01BE622B164B3B000000679C /* CoreGraphics.framework */ = {isa = PBXFileReference; lastKnownFileType = wrapper.framework; name = CoreGraphics.framework; path = System/Library/Frameworks/CoreGraphics.framework; sourceTree = SDKROOT; };
		01BE622F164B3B000000679C /* Foliao-Info.plist */ = {isa = PBXFileReference; lastKnownFileType = text.plist.xml; path = "Foliao-Info.plist"; sourceTree = "<group>"; };
		01BE6231164B3B000000679C /* en */ = {isa = PBXFileReference; lastKnownFileType = text.plist.strings; name = en; path = en.lproj/InfoPlist.strings; sourceTree = "<group>"; };
		01BE6233164B3B000000679C /* main.m */ = {isa = PBXFileReference; lastKnownFileType = sourcecode.c.objc; path = main.m; sourceTree = "<group>"; };
		01BE6235164B3B000000679C /* Foliao-Prefix.pch */ = {isa = PBXFileReference; lastKnownFileType = sourcecode.c.h; path = "Foliao-Prefix.pch"; sourceTree = "<group>"; };
		01BE6236164B3B000000679C /* AppDelegate.h */ = {isa = PBXFileReference; lastKnownFileType = sourcecode.c.h; path = AppDelegate.h; sourceTree = "<group>"; };
		01BE6237164B3B000000679C /* AppDelegate.m */ = {isa = PBXFileReference; lastKnownFileType = sourcecode.c.objc; path = AppDelegate.m; sourceTree = "<group>"; };
		01BE6239164B3B000000679C /* Default.png */ = {isa = PBXFileReference; lastKnownFileType = image.png; path = Default.png; sourceTree = "<group>"; };
		01BE623B164B3B000000679C /* Default@2x.png */ = {isa = PBXFileReference; lastKnownFileType = image.png; path = "Default@2x.png"; sourceTree = "<group>"; };
		01BE623D164B3B000000679C /* Default-568h@2x.png */ = {isa = PBXFileReference; lastKnownFileType = image.png; path = "Default-568h@2x.png"; sourceTree = "<group>"; };
		01BE6244164B3B010000679C /* FoliaoTests.octest */ = {isa = PBXFileReference; explicitFileType = wrapper.cfbundle; includeInIndex = 0; path = FoliaoTests.octest; sourceTree = BUILT_PRODUCTS_DIR; };
		01BE6245164B3B010000679C /* SenTestingKit.framework */ = {isa = PBXFileReference; lastKnownFileType = wrapper.framework; name = SenTestingKit.framework; path = Library/Frameworks/SenTestingKit.framework; sourceTree = DEVELOPER_DIR; };
		01BE624D164B3B010000679C /* FoliaoTests-Info.plist */ = {isa = PBXFileReference; lastKnownFileType = text.plist.xml; path = "FoliaoTests-Info.plist"; sourceTree = "<group>"; };
		01BE624F164B3B010000679C /* en */ = {isa = PBXFileReference; lastKnownFileType = text.plist.strings; name = en; path = en.lproj/InfoPlist.strings; sourceTree = "<group>"; };
		01BE6251164B3B010000679C /* FoliaoTests.h */ = {isa = PBXFileReference; lastKnownFileType = sourcecode.c.h; path = FoliaoTests.h; sourceTree = "<group>"; };
		01BE6252164B3B010000679C /* FoliaoTests.m */ = {isa = PBXFileReference; lastKnownFileType = sourcecode.c.objc; path = FoliaoTests.m; sourceTree = "<group>"; };
		01BE6261164B3CEA0000679C /* 114x114.png */ = {isa = PBXFileReference; lastKnownFileType = image.png; path = 114x114.png; sourceTree = "<group>"; };
		01BE6262164B3CEA0000679C /* 512x512.png */ = {isa = PBXFileReference; lastKnownFileType = image.png; path = 512x512.png; sourceTree = "<group>"; };
		01BE6268164B3D450000679C /* bt-checkin.png */ = {isa = PBXFileReference; lastKnownFileType = image.png; path = "bt-checkin.png"; sourceTree = "<group>"; };
		01BE6269164B3D450000679C /* bt-base.png */ = {isa = PBXFileReference; lastKnownFileType = image.png; path = "bt-base.png"; sourceTree = "<group>"; };
		01BE626A164B3D450000679C /* bt-menu.png */ = {isa = PBXFileReference; lastKnownFileType = image.png; path = "bt-menu.png"; sourceTree = "<group>"; };
		01BE626B164B3D450000679C /* bt-ok.png */ = {isa = PBXFileReference; lastKnownFileType = image.png; path = "bt-ok.png"; sourceTree = "<group>"; };
		01BE626C164B3D450000679C /* bt-voltar.png */ = {isa = PBXFileReference; lastKnownFileType = image.png; path = "bt-voltar.png"; sourceTree = "<group>"; };
		01BE626D164B3D450000679C /* marca.png */ = {isa = PBXFileReference; lastKnownFileType = image.png; path = marca.png; sourceTree = "<group>"; };
		01BE626E164B3D450000679C /* seta-quem-vai.png */ = {isa = PBXFileReference; lastKnownFileType = image.png; path = "seta-quem-vai.png"; sourceTree = "<group>"; };
		01BE6270164B3D450000679C /* bt-checkin.png */ = {isa = PBXFileReference; lastKnownFileType = image.png; path = "bt-checkin.png"; sourceTree = "<group>"; };
		01BE6271164B3D450000679C /* bt-base.png */ = {isa = PBXFileReference; lastKnownFileType = image.png; path = "bt-base.png"; sourceTree = "<group>"; };
		01BE6272164B3D450000679C /* bt-menu.png */ = {isa = PBXFileReference; lastKnownFileType = image.png; path = "bt-menu.png"; sourceTree = "<group>"; };
		01BE6273164B3D450000679C /* bt-ok.png */ = {isa = PBXFileReference; lastKnownFileType = image.png; path = "bt-ok.png"; sourceTree = "<group>"; };
		01BE6274164B3D450000679C /* bt-voltar.png */ = {isa = PBXFileReference; lastKnownFileType = image.png; path = "bt-voltar.png"; sourceTree = "<group>"; };
		01BE6275164B3D450000679C /* marca.png */ = {isa = PBXFileReference; lastKnownFileType = image.png; path = marca.png; sourceTree = "<group>"; };
		01BE6276164B3D450000679C /* seta-quem-vai.png */ = {isa = PBXFileReference; lastKnownFileType = image.png; path = "seta-quem-vai.png"; sourceTree = "<group>"; };
		01E0CFD9164BDD2600940C77 /* AudioToolbox.framework */ = {isa = PBXFileReference; lastKnownFileType = wrapper.framework; name = AudioToolbox.framework; path = System/Library/Frameworks/AudioToolbox.framework; sourceTree = SDKROOT; };
		01E0CFDB164BDD2D00940C77 /* Accounts.framework */ = {isa = PBXFileReference; lastKnownFileType = wrapper.framework; name = Accounts.framework; path = System/Library/Frameworks/Accounts.framework; sourceTree = SDKROOT; };
		01E0CFDD164BDD3A00940C77 /* AdSupport.framework */ = {isa = PBXFileReference; lastKnownFileType = wrapper.framework; name = AdSupport.framework; path = System/Library/Frameworks/AdSupport.framework; sourceTree = SDKROOT; };
		01E0CFDF164BDD4000940C77 /* CFNetwork.framework */ = {isa = PBXFileReference; lastKnownFileType = wrapper.framework; name = CFNetwork.framework; path = System/Library/Frameworks/CFNetwork.framework; sourceTree = SDKROOT; };
		01E0CFE1164BDD5100940C77 /* CoreLocation.framework */ = {isa = PBXFileReference; lastKnownFileType = wrapper.framework; name = CoreLocation.framework; path = System/Library/Frameworks/CoreLocation.framework; sourceTree = SDKROOT; };
		01E0CFE3164BDD5B00940C77 /* libsqlite3.dylib */ = {isa = PBXFileReference; lastKnownFileType = "compiled.mach-o.dylib"; name = libsqlite3.dylib; path = usr/lib/libsqlite3.dylib; sourceTree = SDKROOT; };
		01E0CFE5164BDD6400940C77 /* libz.1.1.3.dylib */ = {isa = PBXFileReference; lastKnownFileType = "compiled.mach-o.dylib"; name = libz.1.1.3.dylib; path = usr/lib/libz.1.1.3.dylib; sourceTree = SDKROOT; };
		01E0CFE7164BDD6A00940C77 /* MobileCoreServices.framework */ = {isa = PBXFileReference; lastKnownFileType = wrapper.framework; name = MobileCoreServices.framework; path = System/Library/Frameworks/MobileCoreServices.framework; sourceTree = SDKROOT; };
		01E0CFE9164BDD7000940C77 /* QuartzCore.framework */ = {isa = PBXFileReference; lastKnownFileType = wrapper.framework; name = QuartzCore.framework; path = System/Library/Frameworks/QuartzCore.framework; sourceTree = SDKROOT; };
		01E0CFEB164BDD7500940C77 /* Security.framework */ = {isa = PBXFileReference; lastKnownFileType = wrapper.framework; name = Security.framework; path = System/Library/Frameworks/Security.framework; sourceTree = SDKROOT; };
		01E0CFED164BDD7C00940C77 /* Social.framework */ = {isa = PBXFileReference; lastKnownFileType = wrapper.framework; name = Social.framework; path = System/Library/Frameworks/Social.framework; sourceTree = SDKROOT; };
		01E0CFEF164BDD8100940C77 /* StoreKit.framework */ = {isa = PBXFileReference; lastKnownFileType = wrapper.framework; name = StoreKit.framework; path = System/Library/Frameworks/StoreKit.framework; sourceTree = SDKROOT; };
		01E0CFF1164BDD8600940C77 /* SystemConfiguration.framework */ = {isa = PBXFileReference; lastKnownFileType = wrapper.framework; name = SystemConfiguration.framework; path = System/Library/Frameworks/SystemConfiguration.framework; sourceTree = SDKROOT; };
		01E0CFF3164BE2A300940C77 /* BlocosByNameViewController.h */ = {isa = PBXFileReference; fileEncoding = 4; lastKnownFileType = sourcecode.c.h; name = BlocosByNameViewController.h; path = Controllers/BlocosByNameViewController.h; sourceTree = "<group>"; };
		01E0CFF4164BE2A300940C77 /* BlocosByNameViewController.m */ = {isa = PBXFileReference; fileEncoding = 4; lastKnownFileType = sourcecode.c.objc; name = BlocosByNameViewController.m; path = Controllers/BlocosByNameViewController.m; sourceTree = "<group>"; };
		01E0CFF5164BE2A300940C77 /* BlocosByNameViewController.xib */ = {isa = PBXFileReference; fileEncoding = 4; lastKnownFileType = file.xib; name = BlocosByNameViewController.xib; path = ../Controllers/BlocosByNameViewController.xib; sourceTree = "<group>"; };
/* End PBXFileReference section */

/* Begin PBXFrameworksBuildPhase section */
		01BE6220164B3B000000679C /* Frameworks */ = {
			isa = PBXFrameworksBuildPhase;
			buildActionMask = 2147483647;
			files = (
				01E0CFF2164BDD8600940C77 /* SystemConfiguration.framework in Frameworks */,
				01E0CFF0164BDD8100940C77 /* StoreKit.framework in Frameworks */,
				01E0CFEE164BDD7C00940C77 /* Social.framework in Frameworks */,
				01E0CFEC164BDD7500940C77 /* Security.framework in Frameworks */,
				01E0CFEA164BDD7000940C77 /* QuartzCore.framework in Frameworks */,
				01E0CFE8164BDD6A00940C77 /* MobileCoreServices.framework in Frameworks */,
				01E0CFE6164BDD6400940C77 /* libz.1.1.3.dylib in Frameworks */,
				01E0CFE4164BDD5B00940C77 /* libsqlite3.dylib in Frameworks */,
				01E0CFE2164BDD5100940C77 /* CoreLocation.framework in Frameworks */,
				01BE622C164B3B000000679C /* CoreGraphics.framework in Frameworks */,
				01E0CFE0164BDD4000940C77 /* CFNetwork.framework in Frameworks */,
				01E0CFDE164BDD3A00940C77 /* AdSupport.framework in Frameworks */,
				01E0CFDC164BDD2D00940C77 /* Accounts.framework in Frameworks */,
				01E0CFDA164BDD2600940C77 /* AudioToolbox.framework in Frameworks */,
				013341C7164B5DD900C2984B /* MapKit.framework in Frameworks */,
				01BE6228164B3B000000679C /* UIKit.framework in Frameworks */,
				01BE622A164B3B000000679C /* Foundation.framework in Frameworks */,
				018B5E6E164DA0CE00042B4E /* Parse.framework in Frameworks */,
				018B5E70164DA0DE00042B4E /* FacebookSDK.framework in Frameworks */,
			);
			runOnlyForDeploymentPostprocessing = 0;
		};
		01BE6240164B3B010000679C /* Frameworks */ = {
			isa = PBXFrameworksBuildPhase;
			buildActionMask = 2147483647;
			files = (
				01BE6246164B3B010000679C /* SenTestingKit.framework in Frameworks */,
				01BE6247164B3B010000679C /* UIKit.framework in Frameworks */,
				01BE6248164B3B010000679C /* Foundation.framework in Frameworks */,
			);
			runOnlyForDeploymentPostprocessing = 0;
		};
/* End PBXFrameworksBuildPhase section */

/* Begin PBXGroup section */
		013341BF164B58D200C2984B /* Controllers */ = {
			isa = PBXGroup;
			children = (
				013341B5164B4C0700C2984B /* MenuViewController.h */,
				013341B6164B4C0700C2984B /* MenuViewController.m */,
				013341BA164B58C100C2984B /* BlocosByPlaceViewController.h */,
				013341BB164B58C100C2984B /* BlocosByPlaceViewController.m */,
				01E0CFF3164BE2A300940C77 /* BlocosByNameViewController.h */,
				01E0CFF4164BE2A300940C77 /* BlocosByNameViewController.m */,
				018B5E61164D8B8600042B4E /* NavigationRootLevelViewController.h */,
				018B5E62164D8B8600042B4E /* NavigationRootLevelViewController.m */,
				018B5E64164D8E0500042B4E /* LoginViewController.h */,
				018B5E65164D8E0500042B4E /* LoginViewController.m */,
				018B5E73164DB19B00042B4E /* BlocoViewController.h */,
				018B5E74164DB19B00042B4E /* BlocoViewController.m */,
			);
			name = Controllers;
			sourceTree = "<group>";
		};
		013341C0164B5B1300C2984B /* Submodules */ = {
			isa = PBXGroup;
			children = (
				013341C1164B5B1300C2984B /* ZUUIRevealController */,
			);
			path = Submodules;
			sourceTree = "<group>";
		};
		013341C1164B5B1300C2984B /* ZUUIRevealController */ = {
			isa = PBXGroup;
			children = (
				013341C2164B5B1300C2984B /* ZUUIRevealController.h */,
				013341C3164B5B1300C2984B /* ZUUIRevealController.m */,
			);
			path = ZUUIRevealController;
			sourceTree = "<group>";
		};
		013341C4164B5B1300C2984B /* Views */ = {
			isa = PBXGroup;
			children = (
				018B5E66164D8E0500042B4E /* LoginViewController.xib */,
				013341B7164B4C0700C2984B /* MenuViewController.xib */,
				013341BC164B58C100C2984B /* BlocosByPlaceViewController.xib */,
				01E0CFF5164BE2A300940C77 /* BlocosByNameViewController.xib */,
				018B5E75164DB19B00042B4E /* BlocoViewController.xib */,
			);
			path = Views;
			sourceTree = "<group>";
		};
		01BE6218164B3B000000679C = {
			isa = PBXGroup;
			children = (
				01BE624B164B3B010000679C /* FoliaoTests */,
				01BE622D164B3B000000679C /* Foliao */,
				01BE6226164B3B000000679C /* Frameworks */,
				01BE6224164B3B000000679C /* Products */,
			);
			sourceTree = "<group>";
		};
		01BE6224164B3B000000679C /* Products */ = {
			isa = PBXGroup;
			children = (
				01BE6223164B3B000000679C /* Foliao.app */,
				01BE6244164B3B010000679C /* FoliaoTests.octest */,
			);
			name = Products;
			sourceTree = "<group>";
		};
		01BE6226164B3B000000679C /* Frameworks */ = {
			isa = PBXGroup;
			children = (
				018B5E71164DA0F000042B4E /* FacebookSDKResources.bundle */,
				018B5E6F164DA0DE00042B4E /* FacebookSDK.framework */,
				018B5E6D164DA0CE00042B4E /* Parse.framework */,
				01E0CFF1164BDD8600940C77 /* SystemConfiguration.framework */,
				01E0CFEF164BDD8100940C77 /* StoreKit.framework */,
				01E0CFED164BDD7C00940C77 /* Social.framework */,
				01E0CFEB164BDD7500940C77 /* Security.framework */,
				01E0CFE9164BDD7000940C77 /* QuartzCore.framework */,
				01E0CFE7164BDD6A00940C77 /* MobileCoreServices.framework */,
				01E0CFE5164BDD6400940C77 /* libz.1.1.3.dylib */,
				01E0CFE3164BDD5B00940C77 /* libsqlite3.dylib */,
				01E0CFE1164BDD5100940C77 /* CoreLocation.framework */,
				01E0CFDF164BDD4000940C77 /* CFNetwork.framework */,
				01E0CFDD164BDD3A00940C77 /* AdSupport.framework */,
				01E0CFDB164BDD2D00940C77 /* Accounts.framework */,
				01E0CFD9164BDD2600940C77 /* AudioToolbox.framework */,
				013341C6164B5DD900C2984B /* MapKit.framework */,
				01BE6227164B3B000000679C /* UIKit.framework */,
				01BE6229164B3B000000679C /* Foundation.framework */,
				01BE622B164B3B000000679C /* CoreGraphics.framework */,
				01BE6245164B3B010000679C /* SenTestingKit.framework */,
			);
			name = Frameworks;
			sourceTree = "<group>";
		};
		01BE622D164B3B000000679C /* Foliao */ = {
			isa = PBXGroup;
			children = (
				013341C0164B5B1300C2984B /* Submodules */,
				013341C4164B5B1300C2984B /* Views */,
				013341BF164B58D200C2984B /* Controllers */,
				01BE6265164B3D450000679C /* Media */,
				01BE622E164B3B000000679C /* Supporting Files */,
				01BE6236164B3B000000679C /* AppDelegate.h */,
				01BE6237164B3B000000679C /* AppDelegate.m */,
			);
			path = Foliao;
			sourceTree = "<group>";
		};
		01BE622E164B3B000000679C /* Supporting Files */ = {
			isa = PBXGroup;
			children = (
				01BE622F164B3B000000679C /* Foliao-Info.plist */,
				01BE6230164B3B000000679C /* InfoPlist.strings */,
				01BE6233164B3B000000679C /* main.m */,
				01BE6235164B3B000000679C /* Foliao-Prefix.pch */,
				01BE6260164B3CB80000679C /* Assets */,
				018B5E60164D869000042B4E /* AppConstants.h */,
			);
			name = "Supporting Files";
			sourceTree = "<group>";
		};
		01BE624B164B3B010000679C /* FoliaoTests */ = {
			isa = PBXGroup;
			children = (
				01BE6251164B3B010000679C /* FoliaoTests.h */,
				01BE6252164B3B010000679C /* FoliaoTests.m */,
				01BE624C164B3B010000679C /* Supporting Files */,
			);
			path = FoliaoTests;
			sourceTree = SOURCE_ROOT;
		};
		01BE624C164B3B010000679C /* Supporting Files */ = {
			isa = PBXGroup;
			children = (
				01BE624D164B3B010000679C /* FoliaoTests-Info.plist */,
				01BE624E164B3B010000679C /* InfoPlist.strings */,
			);
			name = "Supporting Files";
			sourceTree = "<group>";
		};
		01BE6260164B3CB80000679C /* Assets */ = {
			isa = PBXGroup;
			children = (
				014EECC3164DC82400C4F626 /* 57x57.png */,
				01BE6261164B3CEA0000679C /* 114x114.png */,
				01BE6262164B3CEA0000679C /* 512x512.png */,
				01BE6239164B3B000000679C /* Default.png */,
				01BE623B164B3B000000679C /* Default@2x.png */,
				01BE623D164B3B000000679C /* Default-568h@2x.png */,
			);
			name = Assets;
			sourceTree = "<group>";
		};
		01BE6265164B3D450000679C /* Media */ = {
			isa = PBXGroup;
			children = (
				01BE6266164B3D450000679C /* Images */,
			);
			path = Media;
			sourceTree = "<group>";
		};
		01BE6266164B3D450000679C /* Images */ = {
			isa = PBXGroup;
			children = (
				01BE6267164B3D450000679C /* Basic */,
				01BE626F164B3D450000679C /* Retina */,
			);
			path = Images;
			sourceTree = "<group>";
		};
		01BE6267164B3D450000679C /* Basic */ = {
			isa = PBXGroup;
			children = (
				014EECBF164DC80000C4F626 /* navigation-bar.png */,
				01BE6268164B3D450000679C /* bt-checkin.png */,
				01BE6269164B3D450000679C /* bt-base.png */,
				01BE626A164B3D450000679C /* bt-menu.png */,
				01BE626B164B3D450000679C /* bt-ok.png */,
				01BE626C164B3D450000679C /* bt-voltar.png */,
				01BE626D164B3D450000679C /* marca.png */,
				01BE626E164B3D450000679C /* seta-quem-vai.png */,
			);
			path = Basic;
			sourceTree = "<group>";
		};
		01BE626F164B3D450000679C /* Retina */ = {
			isa = PBXGroup;
			children = (
				014EECC1164DC80D00C4F626 /* navigation-bar@2x.png */,
				01BE6270164B3D450000679C /* bt-checkin.png */,
				01BE6271164B3D450000679C /* bt-base.png */,
				01BE6272164B3D450000679C /* bt-menu.png */,
				01BE6273164B3D450000679C /* bt-ok.png */,
				01BE6274164B3D450000679C /* bt-voltar.png */,
				01BE6275164B3D450000679C /* marca.png */,
				01BE6276164B3D450000679C /* seta-quem-vai.png */,
			);
			path = Retina;
			sourceTree = "<group>";
		};
/* End PBXGroup section */

/* Begin PBXNativeTarget section */
		01BE6222164B3B000000679C /* Foliao */ = {
			isa = PBXNativeTarget;
			buildConfigurationList = 01BE6256164B3B010000679C /* Build configuration list for PBXNativeTarget "Foliao" */;
			buildPhases = (
				01BE621F164B3B000000679C /* Sources */,
				01BE6220164B3B000000679C /* Frameworks */,
				01BE6221164B3B000000679C /* Resources */,
			);
			buildRules = (
			);
			dependencies = (
			);
			name = Foliao;
			productName = Foliao;
			productReference = 01BE6223164B3B000000679C /* Foliao.app */;
			productType = "com.apple.product-type.application";
		};
		01BE6243164B3B010000679C /* FoliaoTests */ = {
			isa = PBXNativeTarget;
			buildConfigurationList = 01BE6259164B3B010000679C /* Build configuration list for PBXNativeTarget "FoliaoTests" */;
			buildPhases = (
				01BE623F164B3B010000679C /* Sources */,
				01BE6240164B3B010000679C /* Frameworks */,
				01BE6241164B3B010000679C /* Resources */,
				01BE6242164B3B010000679C /* ShellScript */,
			);
			buildRules = (
			);
			dependencies = (
				01BE624A164B3B010000679C /* PBXTargetDependency */,
			);
			name = FoliaoTests;
			productName = FoliaoTests;
			productReference = 01BE6244164B3B010000679C /* FoliaoTests.octest */;
			productType = "com.apple.product-type.bundle";
		};
/* End PBXNativeTarget section */

/* Begin PBXProject section */
		01BE621A164B3B000000679C /* Project object */ = {
			isa = PBXProject;
			attributes = {
				LastUpgradeCheck = 0450;
				ORGANIZATIONNAME = 7pixels;
			};
			buildConfigurationList = 01BE621D164B3B000000679C /* Build configuration list for PBXProject "Foliao" */;
			compatibilityVersion = "Xcode 3.2";
			developmentRegion = English;
			hasScannedForEncodings = 0;
			knownRegions = (
				en,
			);
			mainGroup = 01BE6218164B3B000000679C;
			productRefGroup = 01BE6224164B3B000000679C /* Products */;
			projectDirPath = "";
			projectRoot = "";
			targets = (
				01BE6222164B3B000000679C /* Foliao */,
				01BE6243164B3B010000679C /* FoliaoTests */,
			);
		};
/* End PBXProject section */

/* Begin PBXResourcesBuildPhase section */
		01BE6221164B3B000000679C /* Resources */ = {
			isa = PBXResourcesBuildPhase;
			buildActionMask = 2147483647;
			files = (
				01BE6232164B3B000000679C /* InfoPlist.strings in Resources */,
				01BE623A164B3B000000679C /* Default.png in Resources */,
				01BE623C164B3B000000679C /* Default@2x.png in Resources */,
				01BE623E164B3B000000679C /* Default-568h@2x.png in Resources */,
				01BE6263164B3CEA0000679C /* 114x114.png in Resources */,
				01BE6264164B3CEA0000679C /* 512x512.png in Resources */,
				01BE6277164B3D450000679C /* bt-checkin.png in Resources */,
				01BE6278164B3D450000679C /* bt-base.png in Resources */,
				01BE6279164B3D450000679C /* bt-menu.png in Resources */,
				01BE627A164B3D450000679C /* bt-ok.png in Resources */,
				01BE627B164B3D450000679C /* bt-voltar.png in Resources */,
				01BE627C164B3D450000679C /* marca.png in Resources */,
				01BE627D164B3D450000679C /* seta-quem-vai.png in Resources */,
				01BE627E164B3D450000679C /* bt-checkin.png in Resources */,
				01BE627F164B3D450000679C /* bt-base.png in Resources */,
				01BE6280164B3D450000679C /* bt-menu.png in Resources */,
				01BE6281164B3D450000679C /* bt-ok.png in Resources */,
				01BE6282164B3D450000679C /* bt-voltar.png in Resources */,
				01BE6283164B3D450000679C /* marca.png in Resources */,
				01BE6284164B3D450000679C /* seta-quem-vai.png in Resources */,
				013341B9164B4C0700C2984B /* MenuViewController.xib in Resources */,
				013341BE164B58C100C2984B /* BlocosByPlaceViewController.xib in Resources */,
				01E0CFF7164BE2A300940C77 /* BlocosByNameViewController.xib in Resources */,
				018B5E68164D8E0500042B4E /* LoginViewController.xib in Resources */,
				018B5E72164DA0F000042B4E /* FacebookSDKResources.bundle in Resources */,
				018B5E77164DB19B00042B4E /* BlocoViewController.xib in Resources */,
				014EECC0164DC80000C4F626 /* navigation-bar.png in Resources */,
				014EECC2164DC80E00C4F626 /* navigation-bar@2x.png in Resources */,
				014EECC4164DC82400C4F626 /* 57x57.png in Resources */,
			);
			runOnlyForDeploymentPostprocessing = 0;
		};
		01BE6241164B3B010000679C /* Resources */ = {
			isa = PBXResourcesBuildPhase;
			buildActionMask = 2147483647;
			files = (
				01BE6250164B3B010000679C /* InfoPlist.strings in Resources */,
			);
			runOnlyForDeploymentPostprocessing = 0;
		};
/* End PBXResourcesBuildPhase section */

/* Begin PBXShellScriptBuildPhase section */
		01BE6242164B3B010000679C /* ShellScript */ = {
			isa = PBXShellScriptBuildPhase;
			buildActionMask = 2147483647;
			files = (
			);
			inputPaths = (
			);
			outputPaths = (
			);
			runOnlyForDeploymentPostprocessing = 0;
			shellPath = /bin/sh;
			shellScript = "# Run the unit tests in this test bundle.\n\"${SYSTEM_DEVELOPER_DIR}/Tools/RunUnitTests\"\n";
		};
/* End PBXShellScriptBuildPhase section */

/* Begin PBXSourcesBuildPhase section */
		01BE621F164B3B000000679C /* Sources */ = {
			isa = PBXSourcesBuildPhase;
			buildActionMask = 2147483647;
			files = (
				01BE6234164B3B000000679C /* main.m in Sources */,
				01BE6238164B3B000000679C /* AppDelegate.m in Sources */,
				013341B8164B4C0700C2984B /* MenuViewController.m in Sources */,
				013341BD164B58C100C2984B /* BlocosByPlaceViewController.m in Sources */,
				013341C5164B5B1300C2984B /* ZUUIRevealController.m in Sources */,
				01E0CFF6164BE2A300940C77 /* BlocosByNameViewController.m in Sources */,
				018B5E63164D8B8600042B4E /* NavigationRootLevelViewController.m in Sources */,
				018B5E67164D8E0500042B4E /* LoginViewController.m in Sources */,
				018B5E76164DB19B00042B4E /* BlocoViewController.m in Sources */,
			);
			runOnlyForDeploymentPostprocessing = 0;
		};
		01BE623F164B3B010000679C /* Sources */ = {
			isa = PBXSourcesBuildPhase;
			buildActionMask = 2147483647;
			files = (
				01BE6253164B3B010000679C /* FoliaoTests.m in Sources */,
			);
			runOnlyForDeploymentPostprocessing = 0;
		};
/* End PBXSourcesBuildPhase section */

/* Begin PBXTargetDependency section */
		01BE624A164B3B010000679C /* PBXTargetDependency */ = {
			isa = PBXTargetDependency;
			target = 01BE6222164B3B000000679C /* Foliao */;
			targetProxy = 01BE6249164B3B010000679C /* PBXContainerItemProxy */;
		};
/* End PBXTargetDependency section */

/* Begin PBXVariantGroup section */
		01BE6230164B3B000000679C /* InfoPlist.strings */ = {
			isa = PBXVariantGroup;
			children = (
				01BE6231164B3B000000679C /* en */,
			);
			name = InfoPlist.strings;
			sourceTree = "<group>";
		};
		01BE624E164B3B010000679C /* InfoPlist.strings */ = {
			isa = PBXVariantGroup;
			children = (
				01BE624F164B3B010000679C /* en */,
			);
			name = InfoPlist.strings;
			sourceTree = "<group>";
		};
/* End PBXVariantGroup section */

/* Begin XCBuildConfiguration section */
		01BE6254164B3B010000679C /* Debug */ = {
			isa = XCBuildConfiguration;
			buildSettings = {
				ALWAYS_SEARCH_USER_PATHS = NO;
				CLANG_CXX_LANGUAGE_STANDARD = "gnu++0x";
				CLANG_CXX_LIBRARY = "libc++";
				CLANG_ENABLE_OBJC_ARC = YES;
				CLANG_WARN_EMPTY_BODY = YES;
				CLANG_WARN__DUPLICATE_METHOD_MATCH = YES;
				"CODE_SIGN_IDENTITY[sdk=iphoneos*]" = "iPhone Developer";
				COPY_PHASE_STRIP = NO;
				GCC_C_LANGUAGE_STANDARD = gnu99;
				GCC_DYNAMIC_NO_PIC = NO;
				GCC_OPTIMIZATION_LEVEL = 0;
				GCC_PREPROCESSOR_DEFINITIONS = (
					"DEBUG=1",
					"$(inherited)",
				);
				GCC_SYMBOLS_PRIVATE_EXTERN = NO;
				GCC_WARN_ABOUT_RETURN_TYPE = YES;
				GCC_WARN_UNINITIALIZED_AUTOS = YES;
				GCC_WARN_UNUSED_VARIABLE = YES;
				IPHONEOS_DEPLOYMENT_TARGET = 6.0;
				ONLY_ACTIVE_ARCH = YES;
				SDKROOT = iphoneos;
			};
			name = Debug;
		};
		01BE6255164B3B010000679C /* Release */ = {
			isa = XCBuildConfiguration;
			buildSettings = {
				ALWAYS_SEARCH_USER_PATHS = NO;
				CLANG_CXX_LANGUAGE_STANDARD = "gnu++0x";
				CLANG_CXX_LIBRARY = "libc++";
				CLANG_ENABLE_OBJC_ARC = YES;
				CLANG_WARN_EMPTY_BODY = YES;
				CLANG_WARN__DUPLICATE_METHOD_MATCH = YES;
				"CODE_SIGN_IDENTITY[sdk=iphoneos*]" = "iPhone Developer";
				COPY_PHASE_STRIP = YES;
				GCC_C_LANGUAGE_STANDARD = gnu99;
				GCC_WARN_ABOUT_RETURN_TYPE = YES;
				GCC_WARN_UNINITIALIZED_AUTOS = YES;
				GCC_WARN_UNUSED_VARIABLE = YES;
				IPHONEOS_DEPLOYMENT_TARGET = 6.0;
				OTHER_CFLAGS = "-DNS_BLOCK_ASSERTIONS=1";
				SDKROOT = iphoneos;
				VALIDATE_PRODUCT = YES;
			};
			name = Release;
		};
		01BE6257164B3B010000679C /* Debug */ = {
			isa = XCBuildConfiguration;
			buildSettings = {
				"CODE_SIGN_IDENTITY[sdk=iphoneos*]" = "iPhone Developer";
				FRAMEWORK_SEARCH_PATHS = (
					"$(inherited)",
					"\"$(SRCROOT)\"",
					"\"$(SRCROOT)/../../../Frameworks\"",
					"\"$(SRCROOT)/../../../Frameworks/FacebookSDK\"",
				);
				GCC_PRECOMPILE_PREFIX_HEADER = YES;
				GCC_PREFIX_HEADER = "Foliao/Foliao-Prefix.pch";
				INFOPLIST_FILE = "Foliao/Foliao-Info.plist";
				IPHONEOS_DEPLOYMENT_TARGET = 5.1;
				PRODUCT_NAME = "$(TARGET_NAME)";
				"PROVISIONING_PROFILE[sdk=iphoneos*]" = "";
				WRAPPER_EXTENSION = app;
			};
			name = Debug;
		};
		01BE6258164B3B010000679C /* Release */ = {
			isa = XCBuildConfiguration;
			buildSettings = {
				FRAMEWORK_SEARCH_PATHS = (
					"$(inherited)",
					"\"$(SRCROOT)\"",
					"\"$(SRCROOT)/../../../Frameworks\"",
					"\"$(SRCROOT)/../../../Frameworks/FacebookSDK\"",
				);
				GCC_PRECOMPILE_PREFIX_HEADER = YES;
				GCC_PREFIX_HEADER = "Foliao/Foliao-Prefix.pch";
				INFOPLIST_FILE = "Foliao/Foliao-Info.plist";
				IPHONEOS_DEPLOYMENT_TARGET = 5.1;
				PRODUCT_NAME = "$(TARGET_NAME)";
				WRAPPER_EXTENSION = app;
			};
			name = Release;
		};
		01BE625A164B3B010000679C /* Debug */ = {
			isa = XCBuildConfiguration;
			buildSettings = {
				BUNDLE_LOADER = "$(BUILT_PRODUCTS_DIR)/Foliao.app/Foliao";
				FRAMEWORK_SEARCH_PATHS = (
					"\"$(SDKROOT)/Developer/Library/Frameworks\"",
					"\"$(DEVELOPER_LIBRARY_DIR)/Frameworks\"",
				);
				GCC_PRECOMPILE_PREFIX_HEADER = YES;
				GCC_PREFIX_HEADER = "Foliao/Foliao-Prefix.pch";
				INFOPLIST_FILE = "FoliaoTests/FoliaoTests-Info.plist";
				PRODUCT_NAME = "$(TARGET_NAME)";
				TEST_HOST = "$(BUNDLE_LOADER)";
				WRAPPER_EXTENSION = octest;
			};
			name = Debug;
		};
		01BE625B164B3B010000679C /* Release */ = {
			isa = XCBuildConfiguration;
			buildSettings = {
				BUNDLE_LOADER = "$(BUILT_PRODUCTS_DIR)/Foliao.app/Foliao";
				FRAMEWORK_SEARCH_PATHS = (
					"\"$(SDKROOT)/Developer/Library/Frameworks\"",
					"\"$(DEVELOPER_LIBRARY_DIR)/Frameworks\"",
				);
				GCC_PRECOMPILE_PREFIX_HEADER = YES;
				GCC_PREFIX_HEADER = "Foliao/Foliao-Prefix.pch";
				INFOPLIST_FILE = "FoliaoTests/FoliaoTests-Info.plist";
				PRODUCT_NAME = "$(TARGET_NAME)";
				TEST_HOST = "$(BUNDLE_LOADER)";
				WRAPPER_EXTENSION = octest;
			};
			name = Release;
		};
/* End XCBuildConfiguration section */

/* Begin XCConfigurationList section */
		01BE621D164B3B000000679C /* Build configuration list for PBXProject "Foliao" */ = {
			isa = XCConfigurationList;
			buildConfigurations = (
				01BE6254164B3B010000679C /* Debug */,
				01BE6255164B3B010000679C /* Release */,
			);
			defaultConfigurationIsVisible = 0;
			defaultConfigurationName = Release;
		};
		01BE6256164B3B010000679C /* Build configuration list for PBXNativeTarget "Foliao" */ = {
			isa = XCConfigurationList;
			buildConfigurations = (
				01BE6257164B3B010000679C /* Debug */,
				01BE6258164B3B010000679C /* Release */,
			);
			defaultConfigurationIsVisible = 0;
			defaultConfigurationName = Release;
		};
		01BE6259164B3B010000679C /* Build configuration list for PBXNativeTarget "FoliaoTests" */ = {
			isa = XCConfigurationList;
			buildConfigurations = (
				01BE625A164B3B010000679C /* Debug */,
				01BE625B164B3B010000679C /* Release */,
			);
			defaultConfigurationIsVisible = 0;
			defaultConfigurationName = Release;
		};
/* End XCConfigurationList section */
	};
	rootObject = 01BE621A164B3B000000679C /* Project object */;
}
