// !$*UTF8*$!
{
	archiveVersion = 1;
	classes = {
	};
	objectVersion = 46;
	objects = {

/* Begin PBXBuildFile section */
		0117992A165B05A50095D425 /* ImageIO.framework in Frameworks */ = {isa = PBXBuildFile; fileRef = 01179929165B05A50095D425 /* ImageIO.framework */; };
		013341B8164B4C0700C2984B /* MenuViewController.m in Sources */ = {isa = PBXBuildFile; fileRef = 013341B6164B4C0700C2984B /* MenuViewController.m */; };
		013341BD164B58C100C2984B /* BlocosByLocationViewController.m in Sources */ = {isa = PBXBuildFile; fileRef = 013341BB164B58C100C2984B /* BlocosByLocationViewController.m */; };
		013341C5164B5B1300C2984B /* ZUUIRevealController.m in Sources */ = {isa = PBXBuildFile; fileRef = 013341C3164B5B1300C2984B /* ZUUIRevealController.m */; };
		013341C7164B5DD900C2984B /* MapKit.framework in Frameworks */ = {isa = PBXBuildFile; fileRef = 013341C6164B5DD900C2984B /* MapKit.framework */; };
		0140011F165AB0BC008F0429 /* KalBlocosDataSource.m in Sources */ = {isa = PBXBuildFile; fileRef = 0140011E165AB0BC008F0429 /* KalBlocosDataSource.m */; };
		01400122165AB490008F0429 /* ParadeAnnotation.m in Sources */ = {isa = PBXBuildFile; fileRef = 01400121165AB490008F0429 /* ParadeAnnotation.m */; };
		01400126165AD1C8008F0429 /* ProfileViewController.m in Sources */ = {isa = PBXBuildFile; fileRef = 01400124165AD1C8008F0429 /* ProfileViewController.m */; };
		014EECC0164DC80000C4F626 /* navigation-bar.png in Resources */ = {isa = PBXBuildFile; fileRef = 014EECBF164DC80000C4F626 /* navigation-bar.png */; };
		014EECC2164DC80E00C4F626 /* navigation-bar@2x.png in Resources */ = {isa = PBXBuildFile; fileRef = 014EECC1164DC80D00C4F626 /* navigation-bar@2x.png */; };
		014EECC4164DC82400C4F626 /* 57x57.png in Resources */ = {isa = PBXBuildFile; fileRef = 014EECC3164DC82400C4F626 /* 57x57.png */; };
		015E88E9165EBEBB0008DED8 /* FoliaoCell.xib in Resources */ = {isa = PBXBuildFile; fileRef = 015E88E8165EBEBB0008DED8 /* FoliaoCell.xib */; };
		015E88EE165EC0410008DED8 /* FoliaoCell.m in Sources */ = {isa = PBXBuildFile; fileRef = 015E88ED165EC0410008DED8 /* FoliaoCell.m */; };
		015E88F1165F19E40008DED8 /* WhereMyFriendsAreGoingViewController.m in Sources */ = {isa = PBXBuildFile; fileRef = 015E88F0165F19E40008DED8 /* WhereMyFriendsAreGoingViewController.m */; };
		015E88F3165F1A000008DED8 /* WhereMyFriendsAreGoingViewController.xib in Resources */ = {isa = PBXBuildFile; fileRef = 015E88F2165F1A000008DED8 /* WhereMyFriendsAreGoingViewController.xib */; };
		015E88F6165F447D0008DED8 /* WhereAreMoreViewController.m in Sources */ = {isa = PBXBuildFile; fileRef = 015E88F5165F447C0008DED8 /* WhereAreMoreViewController.m */; };
		015E88F8165F449F0008DED8 /* WhereAreMoreViewController.xib in Resources */ = {isa = PBXBuildFile; fileRef = 015E88F7165F449F0008DED8 /* WhereAreMoreViewController.xib */; };
		0168CB7F16595767003DD8AF /* libKal.a in Frameworks */ = {isa = PBXBuildFile; fileRef = 0168CB7C1659560B003DD8AF /* libKal.a */; };
		0168CB8116595795003DD8AF /* Kal.bundle in Resources */ = {isa = PBXBuildFile; fileRef = 0168CB8016595795003DD8AF /* Kal.bundle */; };
		0168CB841659586B003DD8AF /* BlocosByDateViewController.m in Sources */ = {isa = PBXBuildFile; fileRef = 0168CB831659586B003DD8AF /* BlocosByDateViewController.m */; };
		0173BAF0166A62CC00B89082 /* SDWebImage.framework in Frameworks */ = {isa = PBXBuildFile; fileRef = 0173BAEF166A62CC00B89082 /* SDWebImage.framework */; };
		0173BAF6166A6C2900B89082 /* UIColor+Foliao.m in Sources */ = {isa = PBXBuildFile; fileRef = 0173BAF5166A6C2900B89082 /* UIColor+Foliao.m */; };
		018B5E63164D8B8600042B4E /* BaseViewController.m in Sources */ = {isa = PBXBuildFile; fileRef = 018B5E62164D8B8600042B4E /* BaseViewController.m */; };
		018B5E67164D8E0500042B4E /* LoginViewController.m in Sources */ = {isa = PBXBuildFile; fileRef = 018B5E65164D8E0500042B4E /* LoginViewController.m */; };
		018B5E6E164DA0CE00042B4E /* Parse.framework in Frameworks */ = {isa = PBXBuildFile; fileRef = 018B5E6D164DA0CE00042B4E /* Parse.framework */; };
		018B5E70164DA0DE00042B4E /* FacebookSDK.framework in Frameworks */ = {isa = PBXBuildFile; fileRef = 018B5E6F164DA0DE00042B4E /* FacebookSDK.framework */; };
		018B5E72164DA0F000042B4E /* FacebookSDKResources.bundle in Resources */ = {isa = PBXBuildFile; fileRef = 018B5E71164DA0F000042B4E /* FacebookSDKResources.bundle */; };
		018B5E76164DB19B00042B4E /* BlocoViewController.m in Sources */ = {isa = PBXBuildFile; fileRef = 018B5E74164DB19B00042B4E /* BlocoViewController.m */; };
		0197C4341664013F00BA532D /* MapSettingsViewController.m in Sources */ = {isa = PBXBuildFile; fileRef = 0197C4331664013F00BA532D /* MapSettingsViewController.m */; };
		0197C4361664016A00BA532D /* MapSettingsViewController.xib in Resources */ = {isa = PBXBuildFile; fileRef = 0197C4351664016A00BA532D /* MapSettingsViewController.xib */; };
		019E6B3A1655DB790025786D /* Default.png in Resources */ = {isa = PBXBuildFile; fileRef = 019E6B381655DB790025786D /* Default.png */; };
		019E6B3B1655DB790025786D /* Default@2x.png in Resources */ = {isa = PBXBuildFile; fileRef = 019E6B391655DB790025786D /* Default@2x.png */; };
		01AA2AE9165FFFF0001AEBFB /* DateUtil.m in Sources */ = {isa = PBXBuildFile; fileRef = 01AA2AE8165FFFF0001AEBFB /* DateUtil.m */; };
		01AAF180166BE689002CA70D /* bt-menu-laranja.png in Resources */ = {isa = PBXBuildFile; fileRef = 01AAF177166BE689002CA70D /* bt-menu-laranja.png */; };
		01AAF181166BE689002CA70D /* bt-voltar-laranja.png in Resources */ = {isa = PBXBuildFile; fileRef = 01AAF178166BE689002CA70D /* bt-voltar-laranja.png */; };
		01AAF182166BE689002CA70D /* seta-laranja.png in Resources */ = {isa = PBXBuildFile; fileRef = 01AAF179166BE689002CA70D /* seta-laranja.png */; };
		01AAF183166BE689002CA70D /* bt-menu-rosa.png in Resources */ = {isa = PBXBuildFile; fileRef = 01AAF17B166BE689002CA70D /* bt-menu-rosa.png */; };
		01AAF184166BE689002CA70D /* bt-voltar-rosa.png in Resources */ = {isa = PBXBuildFile; fileRef = 01AAF17C166BE689002CA70D /* bt-voltar-rosa.png */; };
		01AAF185166BE689002CA70D /* seta-rosa.png in Resources */ = {isa = PBXBuildFile; fileRef = 01AAF17D166BE689002CA70D /* seta-rosa.png */; };
		01AAF193166BE691002CA70D /* bt-menu-laranja@2x.png in Resources */ = {isa = PBXBuildFile; fileRef = 01AAF18A166BE691002CA70D /* bt-menu-laranja@2x.png */; };
		01AAF194166BE691002CA70D /* bt-voltar-laranja@2x.png in Resources */ = {isa = PBXBuildFile; fileRef = 01AAF18B166BE691002CA70D /* bt-voltar-laranja@2x.png */; };
		01AAF195166BE691002CA70D /* seta-laranja@2x.png in Resources */ = {isa = PBXBuildFile; fileRef = 01AAF18C166BE691002CA70D /* seta-laranja@2x.png */; };
		01AAF196166BE691002CA70D /* bt-menu-rosa@2x.png in Resources */ = {isa = PBXBuildFile; fileRef = 01AAF18E166BE691002CA70D /* bt-menu-rosa@2x.png */; };
		01AAF197166BE691002CA70D /* bt-voltar-rosa@2x.png in Resources */ = {isa = PBXBuildFile; fileRef = 01AAF18F166BE691002CA70D /* bt-voltar-rosa@2x.png */; };
		01AAF198166BE691002CA70D /* seta-rosa@2x.png in Resources */ = {isa = PBXBuildFile; fileRef = 01AAF190166BE691002CA70D /* seta-rosa@2x.png */; };
		01AAF19C166BE7F1002CA70D /* ThemeManager.m in Sources */ = {isa = PBXBuildFile; fileRef = 01AAF19B166BE7F1002CA70D /* ThemeManager.m */; };
		01AAF19F166BE8CD002CA70D /* OrangeTheme.m in Sources */ = {isa = PBXBuildFile; fileRef = 01AAF19E166BE8CD002CA70D /* OrangeTheme.m */; };
		01AAF1A2166BEA88002CA70D /* PinkTheme.m in Sources */ = {isa = PBXBuildFile; fileRef = 01AAF1A1166BEA88002CA70D /* PinkTheme.m */; };
		01B42BCF166699700080F2C9 /* bt-branco@2x.png in Resources */ = {isa = PBXBuildFile; fileRef = 01B42BCE166699700080F2C9 /* bt-branco@2x.png */; };
		01B42BD1166699800080F2C9 /* bt-branco.png in Resources */ = {isa = PBXBuildFile; fileRef = 01B42BD0166699800080F2C9 /* bt-branco.png */; };
		01B42BD31666A1E10080F2C9 /* bt-roxo@2x.png in Resources */ = {isa = PBXBuildFile; fileRef = 01B42BD21666A1E10080F2C9 /* bt-roxo@2x.png */; };
		01B42BD51666A1F80080F2C9 /* bt-roxo.png in Resources */ = {isa = PBXBuildFile; fileRef = 01B42BD41666A1F80080F2C9 /* bt-roxo.png */; };
		01BE6228164B3B000000679C /* UIKit.framework in Frameworks */ = {isa = PBXBuildFile; fileRef = 01BE6227164B3B000000679C /* UIKit.framework */; };
		01BE622A164B3B000000679C /* Foundation.framework in Frameworks */ = {isa = PBXBuildFile; fileRef = 01BE6229164B3B000000679C /* Foundation.framework */; };
		01BE622C164B3B000000679C /* CoreGraphics.framework in Frameworks */ = {isa = PBXBuildFile; fileRef = 01BE622B164B3B000000679C /* CoreGraphics.framework */; };
		01BE6232164B3B000000679C /* InfoPlist.strings in Resources */ = {isa = PBXBuildFile; fileRef = 01BE6230164B3B000000679C /* InfoPlist.strings */; };
		01BE6234164B3B000000679C /* main.m in Sources */ = {isa = PBXBuildFile; fileRef = 01BE6233164B3B000000679C /* main.m */; };
		01BE6238164B3B000000679C /* AppDelegate.m in Sources */ = {isa = PBXBuildFile; fileRef = 01BE6237164B3B000000679C /* AppDelegate.m */; };
		01BE623E164B3B000000679C /* Default-568h@2x.png in Resources */ = {isa = PBXBuildFile; fileRef = 01BE623D164B3B000000679C /* Default-568h@2x.png */; };
		01BE6246164B3B010000679C /* SenTestingKit.framework in Frameworks */ = {isa = PBXBuildFile; fileRef = 01BE6245164B3B010000679C /* SenTestingKit.framework */; };
		01BE6247164B3B010000679C /* UIKit.framework in Frameworks */ = {isa = PBXBuildFile; fileRef = 01BE6227164B3B000000679C /* UIKit.framework */; };
		01BE6248164B3B010000679C /* Foundation.framework in Frameworks */ = {isa = PBXBuildFile; fileRef = 01BE6229164B3B000000679C /* Foundation.framework */; };
		01BE6250164B3B010000679C /* InfoPlist.strings in Resources */ = {isa = PBXBuildFile; fileRef = 01BE624E164B3B010000679C /* InfoPlist.strings */; };
		01BE6253164B3B010000679C /* FoliaoTests.m in Sources */ = {isa = PBXBuildFile; fileRef = 01BE6252164B3B010000679C /* FoliaoTests.m */; };
		01BE6263164B3CEA0000679C /* 114x114.png in Resources */ = {isa = PBXBuildFile; fileRef = 01BE6261164B3CEA0000679C /* 114x114.png */; };
		01BE6264164B3CEA0000679C /* 512x512.png in Resources */ = {isa = PBXBuildFile; fileRef = 01BE6262164B3CEA0000679C /* 512x512.png */; };
		01BE6277164B3D450000679C /* bt-checkin.png in Resources */ = {isa = PBXBuildFile; fileRef = 01BE6268164B3D450000679C /* bt-checkin.png */; };
		01BE6278164B3D450000679C /* bt-base.png in Resources */ = {isa = PBXBuildFile; fileRef = 01BE6269164B3D450000679C /* bt-base.png */; };
		01BE627C164B3D450000679C /* marca.png in Resources */ = {isa = PBXBuildFile; fileRef = 01BE626D164B3D450000679C /* marca.png */; };
		01BE627E164B3D450000679C /* bt-checkin@2x.png in Resources */ = {isa = PBXBuildFile; fileRef = 01BE6270164B3D450000679C /* bt-checkin@2x.png */; };
		01BE627F164B3D450000679C /* bt-base@2x.png in Resources */ = {isa = PBXBuildFile; fileRef = 01BE6271164B3D450000679C /* bt-base@2x.png */; };
		01BE6283164B3D450000679C /* marca@2x.png in Resources */ = {isa = PBXBuildFile; fileRef = 01BE6275164B3D450000679C /* marca@2x.png */; };
		01CC6355165B091E005F68BA /* 200x200.gif in Resources */ = {isa = PBXBuildFile; fileRef = 01CC6354165B091E005F68BA /* 200x200.gif */; };
		01CC6358165B0FA4005F68BA /* FoliaoRankingTitle.m in Sources */ = {isa = PBXBuildFile; fileRef = 01CC6357165B0FA4005F68BA /* FoliaoRankingTitle.m */; };
		01CC635B165B2FB1005F68BA /* bt-locate-me-bg.png in Resources */ = {isa = PBXBuildFile; fileRef = 01CC6359165B2FB1005F68BA /* bt-locate-me-bg.png */; };
		01CC635C165B2FB1005F68BA /* bt-locate-me.png in Resources */ = {isa = PBXBuildFile; fileRef = 01CC635A165B2FB1005F68BA /* bt-locate-me.png */; };
		01CC635F165B2FC6005F68BA /* bt-locate-me-bg@2x.png in Resources */ = {isa = PBXBuildFile; fileRef = 01CC635D165B2FC6005F68BA /* bt-locate-me-bg@2x.png */; };
		01CC6360165B2FC6005F68BA /* bt-locate-me@2x.png in Resources */ = {isa = PBXBuildFile; fileRef = 01CC635E165B2FC6005F68BA /* bt-locate-me@2x.png */; };
		01CC6364165B3A6A005F68BA /* WhoIsGoingViewController.m in Sources */ = {isa = PBXBuildFile; fileRef = 01CC6362165B3A6A005F68BA /* WhoIsGoingViewController.m */; };
		01CC6370165B45B2005F68BA /* 110x110.gif in Resources */ = {isa = PBXBuildFile; fileRef = 01CC636F165B45B2005F68BA /* 110x110.gif */; };
		01E0CFDA164BDD2600940C77 /* AudioToolbox.framework in Frameworks */ = {isa = PBXBuildFile; fileRef = 01E0CFD9164BDD2600940C77 /* AudioToolbox.framework */; };
		01E0CFDC164BDD2D00940C77 /* Accounts.framework in Frameworks */ = {isa = PBXBuildFile; fileRef = 01E0CFDB164BDD2D00940C77 /* Accounts.framework */; settings = {ATTRIBUTES = (Weak, ); }; };
		01E0CFDE164BDD3A00940C77 /* AdSupport.framework in Frameworks */ = {isa = PBXBuildFile; fileRef = 01E0CFDD164BDD3A00940C77 /* AdSupport.framework */; settings = {ATTRIBUTES = (Weak, ); }; };
		01E0CFE0164BDD4000940C77 /* CFNetwork.framework in Frameworks */ = {isa = PBXBuildFile; fileRef = 01E0CFDF164BDD4000940C77 /* CFNetwork.framework */; };
		01E0CFE2164BDD5100940C77 /* CoreLocation.framework in Frameworks */ = {isa = PBXBuildFile; fileRef = 01E0CFE1164BDD5100940C77 /* CoreLocation.framework */; };
		01E0CFE4164BDD5B00940C77 /* libsqlite3.dylib in Frameworks */ = {isa = PBXBuildFile; fileRef = 01E0CFE3164BDD5B00940C77 /* libsqlite3.dylib */; };
		01E0CFE6164BDD6400940C77 /* libz.1.1.3.dylib in Frameworks */ = {isa = PBXBuildFile; fileRef = 01E0CFE5164BDD6400940C77 /* libz.1.1.3.dylib */; };
		01E0CFE8164BDD6A00940C77 /* MobileCoreServices.framework in Frameworks */ = {isa = PBXBuildFile; fileRef = 01E0CFE7164BDD6A00940C77 /* MobileCoreServices.framework */; };
		01E0CFEA164BDD7000940C77 /* QuartzCore.framework in Frameworks */ = {isa = PBXBuildFile; fileRef = 01E0CFE9164BDD7000940C77 /* QuartzCore.framework */; };
		01E0CFEC164BDD7500940C77 /* Security.framework in Frameworks */ = {isa = PBXBuildFile; fileRef = 01E0CFEB164BDD7500940C77 /* Security.framework */; };
		01E0CFEE164BDD7C00940C77 /* Social.framework in Frameworks */ = {isa = PBXBuildFile; fileRef = 01E0CFED164BDD7C00940C77 /* Social.framework */; settings = {ATTRIBUTES = (Weak, ); }; };
		01E0CFF0164BDD8100940C77 /* StoreKit.framework in Frameworks */ = {isa = PBXBuildFile; fileRef = 01E0CFEF164BDD8100940C77 /* StoreKit.framework */; };
		01E0CFF2164BDD8600940C77 /* SystemConfiguration.framework in Frameworks */ = {isa = PBXBuildFile; fileRef = 01E0CFF1164BDD8600940C77 /* SystemConfiguration.framework */; };
		01E0CFF6164BE2A300940C77 /* BlocosByNameViewController.m in Sources */ = {isa = PBXBuildFile; fileRef = 01E0CFF4164BE2A300940C77 /* BlocosByNameViewController.m */; };
		01EBA92A165D7422005C1847 /* BlocosByLocationViewController.xib in Resources */ = {isa = PBXBuildFile; fileRef = 01EBA923165D7422005C1847 /* BlocosByLocationViewController.xib */; };
		01EBA92B165D7422005C1847 /* BlocosByNameViewController.xib in Resources */ = {isa = PBXBuildFile; fileRef = 01EBA924165D7422005C1847 /* BlocosByNameViewController.xib */; };
		01EBA92C165D7422005C1847 /* BlocoViewController.xib in Resources */ = {isa = PBXBuildFile; fileRef = 01EBA925165D7422005C1847 /* BlocoViewController.xib */; };
		01EBA92D165D7422005C1847 /* LoginViewController.xib in Resources */ = {isa = PBXBuildFile; fileRef = 01EBA926165D7422005C1847 /* LoginViewController.xib */; };
		01EBA92E165D7422005C1847 /* MenuViewController.xib in Resources */ = {isa = PBXBuildFile; fileRef = 01EBA927165D7422005C1847 /* MenuViewController.xib */; };
		01EBA92F165D7422005C1847 /* ProfileViewController.xib in Resources */ = {isa = PBXBuildFile; fileRef = 01EBA928165D7422005C1847 /* ProfileViewController.xib */; };
		01EBA930165D7422005C1847 /* WhoIsGoingViewController.xib in Resources */ = {isa = PBXBuildFile; fileRef = 01EBA929165D7422005C1847 /* WhoIsGoingViewController.xib */; };
		01F2519316602F71009C52B4 /* seta-branca.png in Resources */ = {isa = PBXBuildFile; fileRef = 01F2519216602F71009C52B4 /* seta-branca.png */; };
		01F2519516602F96009C52B4 /* seta-branca@2x.png in Resources */ = {isa = PBXBuildFile; fileRef = 01F2519416602F96009C52B4 /* seta-branca@2x.png */; };
		01F25197166033C1009C52B4 /* menu-section-background@2x.png in Resources */ = {isa = PBXBuildFile; fileRef = 01F25196166033C1009C52B4 /* menu-section-background@2x.png */; };
		01F25199166033E7009C52B4 /* menu-section-background.png in Resources */ = {isa = PBXBuildFile; fileRef = 01F25198166033E7009C52B4 /* menu-section-background.png */; };
/* End PBXBuildFile section */

/* Begin PBXContainerItemProxy section */
		0168CB7B1659560B003DD8AF /* PBXContainerItemProxy */ = {
			isa = PBXContainerItemProxy;
			containerPortal = 0168CB741659560B003DD8AF /* Kal.xcodeproj */;
			proxyType = 2;
			remoteGlobalIDString = D2AAC07E0554694100DB518D;
			remoteInfo = Kal;
		};
		0168CB7D1659575D003DD8AF /* PBXContainerItemProxy */ = {
			isa = PBXContainerItemProxy;
			containerPortal = 0168CB741659560B003DD8AF /* Kal.xcodeproj */;
			proxyType = 1;
			remoteGlobalIDString = D2AAC07D0554694100DB518D;
			remoteInfo = Kal;
		};
		01BE6249164B3B010000679C /* PBXContainerItemProxy */ = {
			isa = PBXContainerItemProxy;
			containerPortal = 01BE621A164B3B000000679C /* Project object */;
			proxyType = 1;
			remoteGlobalIDString = 01BE6222164B3B000000679C;
			remoteInfo = Foliao;
		};
/* End PBXContainerItemProxy section */

/* Begin PBXFileReference section */
		01179929165B05A50095D425 /* ImageIO.framework */ = {isa = PBXFileReference; lastKnownFileType = wrapper.framework; name = ImageIO.framework; path = System/Library/Frameworks/ImageIO.framework; sourceTree = SDKROOT; };
		013341B5164B4C0700C2984B /* MenuViewController.h */ = {isa = PBXFileReference; fileEncoding = 4; lastKnownFileType = sourcecode.c.h; name = MenuViewController.h; path = Controllers/MenuViewController.h; sourceTree = "<group>"; };
		013341B6164B4C0700C2984B /* MenuViewController.m */ = {isa = PBXFileReference; fileEncoding = 4; lastKnownFileType = sourcecode.c.objc; name = MenuViewController.m; path = Controllers/MenuViewController.m; sourceTree = "<group>"; };
		013341BA164B58C100C2984B /* BlocosByLocationViewController.h */ = {isa = PBXFileReference; fileEncoding = 4; lastKnownFileType = sourcecode.c.h; name = BlocosByLocationViewController.h; path = Controllers/BlocosByLocationViewController.h; sourceTree = "<group>"; };
		013341BB164B58C100C2984B /* BlocosByLocationViewController.m */ = {isa = PBXFileReference; fileEncoding = 4; lastKnownFileType = sourcecode.c.objc; name = BlocosByLocationViewController.m; path = Controllers/BlocosByLocationViewController.m; sourceTree = "<group>"; };
		013341C2164B5B1300C2984B /* ZUUIRevealController.h */ = {isa = PBXFileReference; fileEncoding = 4; lastKnownFileType = sourcecode.c.h; path = ZUUIRevealController.h; sourceTree = "<group>"; };
		013341C3164B5B1300C2984B /* ZUUIRevealController.m */ = {isa = PBXFileReference; fileEncoding = 4; lastKnownFileType = sourcecode.c.objc; path = ZUUIRevealController.m; sourceTree = "<group>"; };
		013341C6164B5DD900C2984B /* MapKit.framework */ = {isa = PBXFileReference; lastKnownFileType = wrapper.framework; name = MapKit.framework; path = System/Library/Frameworks/MapKit.framework; sourceTree = SDKROOT; };
		0140011D165AB0BC008F0429 /* KalBlocosDataSource.h */ = {isa = PBXFileReference; fileEncoding = 4; lastKnownFileType = sourcecode.c.h; path = KalBlocosDataSource.h; sourceTree = "<group>"; };
		0140011E165AB0BC008F0429 /* KalBlocosDataSource.m */ = {isa = PBXFileReference; fileEncoding = 4; lastKnownFileType = sourcecode.c.objc; path = KalBlocosDataSource.m; sourceTree = "<group>"; };
		01400120165AB490008F0429 /* ParadeAnnotation.h */ = {isa = PBXFileReference; fileEncoding = 4; lastKnownFileType = sourcecode.c.h; path = ParadeAnnotation.h; sourceTree = "<group>"; };
		01400121165AB490008F0429 /* ParadeAnnotation.m */ = {isa = PBXFileReference; fileEncoding = 4; lastKnownFileType = sourcecode.c.objc; path = ParadeAnnotation.m; sourceTree = "<group>"; };
		01400123165AD1C8008F0429 /* ProfileViewController.h */ = {isa = PBXFileReference; fileEncoding = 4; lastKnownFileType = sourcecode.c.h; name = ProfileViewController.h; path = Controllers/ProfileViewController.h; sourceTree = "<group>"; };
		01400124165AD1C8008F0429 /* ProfileViewController.m */ = {isa = PBXFileReference; fileEncoding = 4; lastKnownFileType = sourcecode.c.objc; name = ProfileViewController.m; path = Controllers/ProfileViewController.m; sourceTree = "<group>"; };
		014EECBF164DC80000C4F626 /* navigation-bar.png */ = {isa = PBXFileReference; lastKnownFileType = image.png; path = "navigation-bar.png"; sourceTree = "<group>"; };
		014EECC1164DC80D00C4F626 /* navigation-bar@2x.png */ = {isa = PBXFileReference; lastKnownFileType = image.png; path = "navigation-bar@2x.png"; sourceTree = "<group>"; };
		014EECC3164DC82400C4F626 /* 57x57.png */ = {isa = PBXFileReference; lastKnownFileType = image.png; path = 57x57.png; sourceTree = "<group>"; };
		015E88E8165EBEBB0008DED8 /* FoliaoCell.xib */ = {isa = PBXFileReference; fileEncoding = 4; lastKnownFileType = file.xib; path = FoliaoCell.xib; sourceTree = "<group>"; };
		015E88EC165EC0410008DED8 /* FoliaoCell.h */ = {isa = PBXFileReference; fileEncoding = 4; lastKnownFileType = sourcecode.c.h; path = FoliaoCell.h; sourceTree = "<group>"; };
		015E88ED165EC0410008DED8 /* FoliaoCell.m */ = {isa = PBXFileReference; fileEncoding = 4; lastKnownFileType = sourcecode.c.objc; path = FoliaoCell.m; sourceTree = "<group>"; };
		015E88EF165F19E30008DED8 /* WhereMyFriendsAreGoingViewController.h */ = {isa = PBXFileReference; fileEncoding = 4; lastKnownFileType = sourcecode.c.h; path = WhereMyFriendsAreGoingViewController.h; sourceTree = "<group>"; };
		015E88F0165F19E40008DED8 /* WhereMyFriendsAreGoingViewController.m */ = {isa = PBXFileReference; fileEncoding = 4; lastKnownFileType = sourcecode.c.objc; path = WhereMyFriendsAreGoingViewController.m; sourceTree = "<group>"; };
		015E88F2165F1A000008DED8 /* WhereMyFriendsAreGoingViewController.xib */ = {isa = PBXFileReference; fileEncoding = 4; lastKnownFileType = file.xib; path = WhereMyFriendsAreGoingViewController.xib; sourceTree = "<group>"; };
		015E88F4165F447B0008DED8 /* WhereAreMoreViewController.h */ = {isa = PBXFileReference; fileEncoding = 4; lastKnownFileType = sourcecode.c.h; path = WhereAreMoreViewController.h; sourceTree = "<group>"; };
		015E88F5165F447C0008DED8 /* WhereAreMoreViewController.m */ = {isa = PBXFileReference; fileEncoding = 4; lastKnownFileType = sourcecode.c.objc; path = WhereAreMoreViewController.m; sourceTree = "<group>"; };
		015E88F7165F449F0008DED8 /* WhereAreMoreViewController.xib */ = {isa = PBXFileReference; fileEncoding = 4; lastKnownFileType = file.xib; path = WhereAreMoreViewController.xib; sourceTree = "<group>"; };
		0168CB741659560B003DD8AF /* Kal.xcodeproj */ = {isa = PBXFileReference; lastKnownFileType = "wrapper.pb-project"; name = Kal.xcodeproj; path = ../../../../ios/Kal/src/Kal.xcodeproj; sourceTree = "<group>"; };
		0168CB8016595795003DD8AF /* Kal.bundle */ = {isa = PBXFileReference; lastKnownFileType = "wrapper.plug-in"; name = Kal.bundle; path = ../../../../ios/Kal/src/Kal.bundle; sourceTree = "<group>"; };
		0168CB821659586B003DD8AF /* BlocosByDateViewController.h */ = {isa = PBXFileReference; fileEncoding = 4; lastKnownFileType = sourcecode.c.h; name = BlocosByDateViewController.h; path = Controllers/BlocosByDateViewController.h; sourceTree = "<group>"; };
		0168CB831659586B003DD8AF /* BlocosByDateViewController.m */ = {isa = PBXFileReference; fileEncoding = 4; lastKnownFileType = sourcecode.c.objc; name = BlocosByDateViewController.m; path = Controllers/BlocosByDateViewController.m; sourceTree = "<group>"; };
		0173BAEF166A62CC00B89082 /* SDWebImage.framework */ = {isa = PBXFileReference; lastKnownFileType = wrapper.framework; name = SDWebImage.framework; path = ../../../Frameworks/SDWebImage.framework; sourceTree = "<group>"; };
		0173BAF4166A6C2900B89082 /* UIColor+Foliao.h */ = {isa = PBXFileReference; fileEncoding = 4; lastKnownFileType = sourcecode.c.h; path = "UIColor+Foliao.h"; sourceTree = "<group>"; };
		0173BAF5166A6C2900B89082 /* UIColor+Foliao.m */ = {isa = PBXFileReference; fileEncoding = 4; lastKnownFileType = sourcecode.c.objc; path = "UIColor+Foliao.m"; sourceTree = "<group>"; };
		018B5E60164D869000042B4E /* AppConstants.h */ = {isa = PBXFileReference; lastKnownFileType = sourcecode.c.h; path = AppConstants.h; sourceTree = "<group>"; };
		018B5E61164D8B8600042B4E /* BaseViewController.h */ = {isa = PBXFileReference; fileEncoding = 4; lastKnownFileType = sourcecode.c.h; path = BaseViewController.h; sourceTree = "<group>"; };
		018B5E62164D8B8600042B4E /* BaseViewController.m */ = {isa = PBXFileReference; fileEncoding = 4; lastKnownFileType = sourcecode.c.objc; path = BaseViewController.m; sourceTree = "<group>"; };
		018B5E64164D8E0500042B4E /* LoginViewController.h */ = {isa = PBXFileReference; fileEncoding = 4; lastKnownFileType = sourcecode.c.h; path = LoginViewController.h; sourceTree = "<group>"; };
		018B5E65164D8E0500042B4E /* LoginViewController.m */ = {isa = PBXFileReference; fileEncoding = 4; lastKnownFileType = sourcecode.c.objc; path = LoginViewController.m; sourceTree = "<group>"; };
		018B5E6D164DA0CE00042B4E /* Parse.framework */ = {isa = PBXFileReference; lastKnownFileType = wrapper.framework; name = Parse.framework; path = ../../../Frameworks/Parse.framework; sourceTree = "<group>"; };
		018B5E6F164DA0DE00042B4E /* FacebookSDK.framework */ = {isa = PBXFileReference; lastKnownFileType = wrapper.framework; name = FacebookSDK.framework; path = ../../../Frameworks/FacebookSDK/FacebookSDK.framework; sourceTree = "<group>"; };
		018B5E71164DA0F000042B4E /* FacebookSDKResources.bundle */ = {isa = PBXFileReference; lastKnownFileType = "wrapper.plug-in"; name = FacebookSDKResources.bundle; path = ../../../Frameworks/FacebookSDK/FacebookSDK.framework/Versions/A/Resources/FacebookSDKResources.bundle; sourceTree = "<group>"; };
		018B5E73164DB19B00042B4E /* BlocoViewController.h */ = {isa = PBXFileReference; fileEncoding = 4; lastKnownFileType = sourcecode.c.h; path = BlocoViewController.h; sourceTree = "<group>"; };
		018B5E74164DB19B00042B4E /* BlocoViewController.m */ = {isa = PBXFileReference; fileEncoding = 4; lastKnownFileType = sourcecode.c.objc; path = BlocoViewController.m; sourceTree = "<group>"; };
		0197C4321664013F00BA532D /* MapSettingsViewController.h */ = {isa = PBXFileReference; fileEncoding = 4; lastKnownFileType = sourcecode.c.h; path = MapSettingsViewController.h; sourceTree = "<group>"; };
		0197C4331664013F00BA532D /* MapSettingsViewController.m */ = {isa = PBXFileReference; fileEncoding = 4; lastKnownFileType = sourcecode.c.objc; path = MapSettingsViewController.m; sourceTree = "<group>"; };
		0197C4351664016A00BA532D /* MapSettingsViewController.xib */ = {isa = PBXFileReference; fileEncoding = 4; lastKnownFileType = file.xib; path = MapSettingsViewController.xib; sourceTree = "<group>"; };
		019E6B381655DB790025786D /* Default.png */ = {isa = PBXFileReference; lastKnownFileType = image.png; path = Default.png; sourceTree = "<group>"; };
		019E6B391655DB790025786D /* Default@2x.png */ = {isa = PBXFileReference; lastKnownFileType = image.png; path = "Default@2x.png"; sourceTree = "<group>"; };
		01AA2AE7165FFFF0001AEBFB /* DateUtil.h */ = {isa = PBXFileReference; fileEncoding = 4; lastKnownFileType = sourcecode.c.h; path = DateUtil.h; sourceTree = "<group>"; };
		01AA2AE8165FFFF0001AEBFB /* DateUtil.m */ = {isa = PBXFileReference; fileEncoding = 4; lastKnownFileType = sourcecode.c.objc; path = DateUtil.m; sourceTree = "<group>"; };
		01AAF177166BE689002CA70D /* bt-menu-laranja.png */ = {isa = PBXFileReference; lastKnownFileType = image.png; path = "bt-menu-laranja.png"; sourceTree = "<group>"; };
		01AAF178166BE689002CA70D /* bt-voltar-laranja.png */ = {isa = PBXFileReference; lastKnownFileType = image.png; path = "bt-voltar-laranja.png"; sourceTree = "<group>"; };
		01AAF179166BE689002CA70D /* seta-laranja.png */ = {isa = PBXFileReference; lastKnownFileType = image.png; path = "seta-laranja.png"; sourceTree = "<group>"; };
		01AAF17B166BE689002CA70D /* bt-menu-rosa.png */ = {isa = PBXFileReference; lastKnownFileType = image.png; path = "bt-menu-rosa.png"; sourceTree = "<group>"; };
		01AAF17C166BE689002CA70D /* bt-voltar-rosa.png */ = {isa = PBXFileReference; lastKnownFileType = image.png; path = "bt-voltar-rosa.png"; sourceTree = "<group>"; };
		01AAF17D166BE689002CA70D /* seta-rosa.png */ = {isa = PBXFileReference; lastKnownFileType = image.png; path = "seta-rosa.png"; sourceTree = "<group>"; };
		01AAF18A166BE691002CA70D /* bt-menu-laranja@2x.png */ = {isa = PBXFileReference; lastKnownFileType = image.png; path = "bt-menu-laranja@2x.png"; sourceTree = "<group>"; };
		01AAF18B166BE691002CA70D /* bt-voltar-laranja@2x.png */ = {isa = PBXFileReference; lastKnownFileType = image.png; path = "bt-voltar-laranja@2x.png"; sourceTree = "<group>"; };
		01AAF18C166BE691002CA70D /* seta-laranja@2x.png */ = {isa = PBXFileReference; lastKnownFileType = image.png; path = "seta-laranja@2x.png"; sourceTree = "<group>"; };
		01AAF18E166BE691002CA70D /* bt-menu-rosa@2x.png */ = {isa = PBXFileReference; lastKnownFileType = image.png; path = "bt-menu-rosa@2x.png"; sourceTree = "<group>"; };
		01AAF18F166BE691002CA70D /* bt-voltar-rosa@2x.png */ = {isa = PBXFileReference; lastKnownFileType = image.png; path = "bt-voltar-rosa@2x.png"; sourceTree = "<group>"; };
		01AAF190166BE691002CA70D /* seta-rosa@2x.png */ = {isa = PBXFileReference; lastKnownFileType = image.png; path = "seta-rosa@2x.png"; sourceTree = "<group>"; };
		01AAF19A166BE7F1002CA70D /* ThemeManager.h */ = {isa = PBXFileReference; fileEncoding = 4; lastKnownFileType = sourcecode.c.h; path = ThemeManager.h; sourceTree = "<group>"; };
		01AAF19B166BE7F1002CA70D /* ThemeManager.m */ = {isa = PBXFileReference; fileEncoding = 4; lastKnownFileType = sourcecode.c.objc; path = ThemeManager.m; sourceTree = "<group>"; };
		01AAF19D166BE8CD002CA70D /* OrangeTheme.h */ = {isa = PBXFileReference; fileEncoding = 4; lastKnownFileType = sourcecode.c.h; path = OrangeTheme.h; sourceTree = "<group>"; };
		01AAF19E166BE8CD002CA70D /* OrangeTheme.m */ = {isa = PBXFileReference; fileEncoding = 4; lastKnownFileType = sourcecode.c.objc; path = OrangeTheme.m; sourceTree = "<group>"; };
		01AAF1A0166BEA88002CA70D /* PinkTheme.h */ = {isa = PBXFileReference; fileEncoding = 4; lastKnownFileType = sourcecode.c.h; path = PinkTheme.h; sourceTree = "<group>"; };
		01AAF1A1166BEA88002CA70D /* PinkTheme.m */ = {isa = PBXFileReference; fileEncoding = 4; lastKnownFileType = sourcecode.c.objc; path = PinkTheme.m; sourceTree = "<group>"; };
		01B42BCE166699700080F2C9 /* bt-branco@2x.png */ = {isa = PBXFileReference; lastKnownFileType = image.png; path = "bt-branco@2x.png"; sourceTree = "<group>"; };
		01B42BD0166699800080F2C9 /* bt-branco.png */ = {isa = PBXFileReference; lastKnownFileType = image.png; path = "bt-branco.png"; sourceTree = "<group>"; };
		01B42BD21666A1E10080F2C9 /* bt-roxo@2x.png */ = {isa = PBXFileReference; lastKnownFileType = image.png; path = "bt-roxo@2x.png"; sourceTree = "<group>"; };
		01B42BD41666A1F80080F2C9 /* bt-roxo.png */ = {isa = PBXFileReference; lastKnownFileType = image.png; path = "bt-roxo.png"; sourceTree = "<group>"; };
		01BE6223164B3B000000679C /* Foliao.app */ = {isa = PBXFileReference; explicitFileType = wrapper.application; includeInIndex = 0; path = Foliao.app; sourceTree = BUILT_PRODUCTS_DIR; };
		01BE6227164B3B000000679C /* UIKit.framework */ = {isa = PBXFileReference; lastKnownFileType = wrapper.framework; name = UIKit.framework; path = System/Library/Frameworks/UIKit.framework; sourceTree = SDKROOT; };
		01BE6229164B3B000000679C /* Foundation.framework */ = {isa = PBXFileReference; lastKnownFileType = wrapper.framework; name = Foundation.framework; path = System/Library/Frameworks/Foundation.framework; sourceTree = SDKROOT; };
		01BE622B164B3B000000679C /* CoreGraphics.framework */ = {isa = PBXFileReference; lastKnownFileType = wrapper.framework; name = CoreGraphics.framework; path = System/Library/Frameworks/CoreGraphics.framework; sourceTree = SDKROOT; };
		01BE622F164B3B000000679C /* Foliao-Info.plist */ = {isa = PBXFileReference; lastKnownFileType = text.plist.xml; path = "Foliao-Info.plist"; sourceTree = "<group>"; };
		01BE6231164B3B000000679C /* en */ = {isa = PBXFileReference; lastKnownFileType = text.plist.strings; name = en; path = en.lproj/InfoPlist.strings; sourceTree = "<group>"; };
		01BE6233164B3B000000679C /* main.m */ = {isa = PBXFileReference; lastKnownFileType = sourcecode.c.objc; path = main.m; sourceTree = "<group>"; };
		01BE6235164B3B000000679C /* Foliao-Prefix.pch */ = {isa = PBXFileReference; lastKnownFileType = sourcecode.c.h; path = "Foliao-Prefix.pch"; sourceTree = "<group>"; };
		01BE6236164B3B000000679C /* AppDelegate.h */ = {isa = PBXFileReference; lastKnownFileType = sourcecode.c.h; path = AppDelegate.h; sourceTree = "<group>"; };
		01BE6237164B3B000000679C /* AppDelegate.m */ = {isa = PBXFileReference; lastKnownFileType = sourcecode.c.objc; path = AppDelegate.m; sourceTree = "<group>"; };
		01BE623D164B3B000000679C /* Default-568h@2x.png */ = {isa = PBXFileReference; lastKnownFileType = image.png; path = "Default-568h@2x.png"; sourceTree = "<group>"; };
		01BE6244164B3B010000679C /* FoliaoTests.octest */ = {isa = PBXFileReference; explicitFileType = wrapper.cfbundle; includeInIndex = 0; path = FoliaoTests.octest; sourceTree = BUILT_PRODUCTS_DIR; };
		01BE6245164B3B010000679C /* SenTestingKit.framework */ = {isa = PBXFileReference; lastKnownFileType = wrapper.framework; name = SenTestingKit.framework; path = Library/Frameworks/SenTestingKit.framework; sourceTree = DEVELOPER_DIR; };
		01BE624D164B3B010000679C /* FoliaoTests-Info.plist */ = {isa = PBXFileReference; lastKnownFileType = text.plist.xml; path = "FoliaoTests-Info.plist"; sourceTree = "<group>"; };
		01BE624F164B3B010000679C /* en */ = {isa = PBXFileReference; lastKnownFileType = text.plist.strings; name = en; path = en.lproj/InfoPlist.strings; sourceTree = "<group>"; };
		01BE6251164B3B010000679C /* FoliaoTests.h */ = {isa = PBXFileReference; lastKnownFileType = sourcecode.c.h; path = FoliaoTests.h; sourceTree = "<group>"; };
		01BE6252164B3B010000679C /* FoliaoTests.m */ = {isa = PBXFileReference; lastKnownFileType = sourcecode.c.objc; path = FoliaoTests.m; sourceTree = "<group>"; };
		01BE6261164B3CEA0000679C /* 114x114.png */ = {isa = PBXFileReference; lastKnownFileType = image.png; path = 114x114.png; sourceTree = "<group>"; };
		01BE6262164B3CEA0000679C /* 512x512.png */ = {isa = PBXFileReference; lastKnownFileType = image.png; path = 512x512.png; sourceTree = "<group>"; };
		01BE6268164B3D450000679C /* bt-checkin.png */ = {isa = PBXFileReference; lastKnownFileType = image.png; path = "bt-checkin.png"; sourceTree = "<group>"; };
		01BE6269164B3D450000679C /* bt-base.png */ = {isa = PBXFileReference; lastKnownFileType = image.png; path = "bt-base.png"; sourceTree = "<group>"; };
		01BE626D164B3D450000679C /* marca.png */ = {isa = PBXFileReference; lastKnownFileType = image.png; path = marca.png; sourceTree = "<group>"; };
		01BE6270164B3D450000679C /* bt-checkin@2x.png */ = {isa = PBXFileReference; lastKnownFileType = image.png; path = "bt-checkin@2x.png"; sourceTree = "<group>"; };
		01BE6271164B3D450000679C /* bt-base@2x.png */ = {isa = PBXFileReference; lastKnownFileType = image.png; path = "bt-base@2x.png"; sourceTree = "<group>"; };
		01BE6275164B3D450000679C /* marca@2x.png */ = {isa = PBXFileReference; lastKnownFileType = image.png; path = "marca@2x.png"; sourceTree = "<group>"; };
		01CC6354165B091E005F68BA /* 200x200.gif */ = {isa = PBXFileReference; lastKnownFileType = image.gif; path = 200x200.gif; sourceTree = "<group>"; };
		01CC6356165B0FA4005F68BA /* FoliaoRankingTitle.h */ = {isa = PBXFileReference; fileEncoding = 4; lastKnownFileType = sourcecode.c.h; path = FoliaoRankingTitle.h; sourceTree = "<group>"; };
		01CC6357165B0FA4005F68BA /* FoliaoRankingTitle.m */ = {isa = PBXFileReference; fileEncoding = 4; lastKnownFileType = sourcecode.c.objc; path = FoliaoRankingTitle.m; sourceTree = "<group>"; };
		01CC6359165B2FB1005F68BA /* bt-locate-me-bg.png */ = {isa = PBXFileReference; lastKnownFileType = image.png; path = "bt-locate-me-bg.png"; sourceTree = "<group>"; };
		01CC635A165B2FB1005F68BA /* bt-locate-me.png */ = {isa = PBXFileReference; lastKnownFileType = image.png; path = "bt-locate-me.png"; sourceTree = "<group>"; };
		01CC635D165B2FC6005F68BA /* bt-locate-me-bg@2x.png */ = {isa = PBXFileReference; lastKnownFileType = image.png; path = "bt-locate-me-bg@2x.png"; sourceTree = "<group>"; };
		01CC635E165B2FC6005F68BA /* bt-locate-me@2x.png */ = {isa = PBXFileReference; lastKnownFileType = image.png; path = "bt-locate-me@2x.png"; sourceTree = "<group>"; };
		01CC6361165B3A6A005F68BA /* WhoIsGoingViewController.h */ = {isa = PBXFileReference; fileEncoding = 4; lastKnownFileType = sourcecode.c.h; path = WhoIsGoingViewController.h; sourceTree = "<group>"; };
		01CC6362165B3A6A005F68BA /* WhoIsGoingViewController.m */ = {isa = PBXFileReference; fileEncoding = 4; lastKnownFileType = sourcecode.c.objc; path = WhoIsGoingViewController.m; sourceTree = "<group>"; };
		01CC636F165B45B2005F68BA /* 110x110.gif */ = {isa = PBXFileReference; lastKnownFileType = image.gif; path = 110x110.gif; sourceTree = "<group>"; };
		01E0CFD9164BDD2600940C77 /* AudioToolbox.framework */ = {isa = PBXFileReference; lastKnownFileType = wrapper.framework; name = AudioToolbox.framework; path = System/Library/Frameworks/AudioToolbox.framework; sourceTree = SDKROOT; };
		01E0CFDB164BDD2D00940C77 /* Accounts.framework */ = {isa = PBXFileReference; lastKnownFileType = wrapper.framework; name = Accounts.framework; path = System/Library/Frameworks/Accounts.framework; sourceTree = SDKROOT; };
		01E0CFDD164BDD3A00940C77 /* AdSupport.framework */ = {isa = PBXFileReference; lastKnownFileType = wrapper.framework; name = AdSupport.framework; path = System/Library/Frameworks/AdSupport.framework; sourceTree = SDKROOT; };
		01E0CFDF164BDD4000940C77 /* CFNetwork.framework */ = {isa = PBXFileReference; lastKnownFileType = wrapper.framework; name = CFNetwork.framework; path = System/Library/Frameworks/CFNetwork.framework; sourceTree = SDKROOT; };
		01E0CFE1164BDD5100940C77 /* CoreLocation.framework */ = {isa = PBXFileReference; lastKnownFileType = wrapper.framework; name = CoreLocation.framework; path = System/Library/Frameworks/CoreLocation.framework; sourceTree = SDKROOT; };
		01E0CFE3164BDD5B00940C77 /* libsqlite3.dylib */ = {isa = PBXFileReference; lastKnownFileType = "compiled.mach-o.dylib"; name = libsqlite3.dylib; path = usr/lib/libsqlite3.dylib; sourceTree = SDKROOT; };
		01E0CFE5164BDD6400940C77 /* libz.1.1.3.dylib */ = {isa = PBXFileReference; lastKnownFileType = "compiled.mach-o.dylib"; name = libz.1.1.3.dylib; path = usr/lib/libz.1.1.3.dylib; sourceTree = SDKROOT; };
		01E0CFE7164BDD6A00940C77 /* MobileCoreServices.framework */ = {isa = PBXFileReference; lastKnownFileType = wrapper.framework; name = MobileCoreServices.framework; path = System/Library/Frameworks/MobileCoreServices.framework; sourceTree = SDKROOT; };
		01E0CFE9164BDD7000940C77 /* QuartzCore.framework */ = {isa = PBXFileReference; lastKnownFileType = wrapper.framework; name = QuartzCore.framework; path = System/Library/Frameworks/QuartzCore.framework; sourceTree = SDKROOT; };
		01E0CFEB164BDD7500940C77 /* Security.framework */ = {isa = PBXFileReference; lastKnownFileType = wrapper.framework; name = Security.framework; path = System/Library/Frameworks/Security.framework; sourceTree = SDKROOT; };
		01E0CFED164BDD7C00940C77 /* Social.framework */ = {isa = PBXFileReference; lastKnownFileType = wrapper.framework; name = Social.framework; path = System/Library/Frameworks/Social.framework; sourceTree = SDKROOT; };
		01E0CFEF164BDD8100940C77 /* StoreKit.framework */ = {isa = PBXFileReference; lastKnownFileType = wrapper.framework; name = StoreKit.framework; path = System/Library/Frameworks/StoreKit.framework; sourceTree = SDKROOT; };
		01E0CFF1164BDD8600940C77 /* SystemConfiguration.framework */ = {isa = PBXFileReference; lastKnownFileType = wrapper.framework; name = SystemConfiguration.framework; path = System/Library/Frameworks/SystemConfiguration.framework; sourceTree = SDKROOT; };
		01E0CFF3164BE2A300940C77 /* BlocosByNameViewController.h */ = {isa = PBXFileReference; fileEncoding = 4; lastKnownFileType = sourcecode.c.h; name = BlocosByNameViewController.h; path = Controllers/BlocosByNameViewController.h; sourceTree = "<group>"; };
		01E0CFF4164BE2A300940C77 /* BlocosByNameViewController.m */ = {isa = PBXFileReference; fileEncoding = 4; lastKnownFileType = sourcecode.c.objc; name = BlocosByNameViewController.m; path = Controllers/BlocosByNameViewController.m; sourceTree = "<group>"; };
		01EBA923165D7422005C1847 /* BlocosByLocationViewController.xib */ = {isa = PBXFileReference; fileEncoding = 4; lastKnownFileType = file.xib; path = BlocosByLocationViewController.xib; sourceTree = "<group>"; };
		01EBA924165D7422005C1847 /* BlocosByNameViewController.xib */ = {isa = PBXFileReference; fileEncoding = 4; lastKnownFileType = file.xib; path = BlocosByNameViewController.xib; sourceTree = "<group>"; };
		01EBA925165D7422005C1847 /* BlocoViewController.xib */ = {isa = PBXFileReference; fileEncoding = 4; lastKnownFileType = file.xib; path = BlocoViewController.xib; sourceTree = "<group>"; };
		01EBA926165D7422005C1847 /* LoginViewController.xib */ = {isa = PBXFileReference; fileEncoding = 4; lastKnownFileType = file.xib; path = LoginViewController.xib; sourceTree = "<group>"; };
		01EBA927165D7422005C1847 /* MenuViewController.xib */ = {isa = PBXFileReference; fileEncoding = 4; lastKnownFileType = file.xib; path = MenuViewController.xib; sourceTree = "<group>"; };
		01EBA928165D7422005C1847 /* ProfileViewController.xib */ = {isa = PBXFileReference; fileEncoding = 4; lastKnownFileType = file.xib; path = ProfileViewController.xib; sourceTree = "<group>"; };
		01EBA929165D7422005C1847 /* WhoIsGoingViewController.xib */ = {isa = PBXFileReference; fileEncoding = 4; lastKnownFileType = file.xib; path = WhoIsGoingViewController.xib; sourceTree = "<group>"; };
		01F2519216602F71009C52B4 /* seta-branca.png */ = {isa = PBXFileReference; lastKnownFileType = image.png; path = "seta-branca.png"; sourceTree = "<group>"; };
		01F2519416602F96009C52B4 /* seta-branca@2x.png */ = {isa = PBXFileReference; lastKnownFileType = image.png; path = "seta-branca@2x.png"; sourceTree = "<group>"; };
		01F25196166033C1009C52B4 /* menu-section-background@2x.png */ = {isa = PBXFileReference; lastKnownFileType = image.png; path = "menu-section-background@2x.png"; sourceTree = "<group>"; };
		01F25198166033E7009C52B4 /* menu-section-background.png */ = {isa = PBXFileReference; lastKnownFileType = image.png; path = "menu-section-background.png"; sourceTree = "<group>"; };
/* End PBXFileReference section */

/* Begin PBXFrameworksBuildPhase section */
		01BE6220164B3B000000679C /* Frameworks */ = {
			isa = PBXFrameworksBuildPhase;
			buildActionMask = 2147483647;
			files = (
				01E0CFEA164BDD7000940C77 /* QuartzCore.framework in Frameworks */,
				0117992A165B05A50095D425 /* ImageIO.framework in Frameworks */,
				0168CB7F16595767003DD8AF /* libKal.a in Frameworks */,
				01E0CFF2164BDD8600940C77 /* SystemConfiguration.framework in Frameworks */,
				01E0CFF0164BDD8100940C77 /* StoreKit.framework in Frameworks */,
				01E0CFEE164BDD7C00940C77 /* Social.framework in Frameworks */,
				01E0CFEC164BDD7500940C77 /* Security.framework in Frameworks */,
				01E0CFE8164BDD6A00940C77 /* MobileCoreServices.framework in Frameworks */,
				01E0CFE6164BDD6400940C77 /* libz.1.1.3.dylib in Frameworks */,
				01E0CFE4164BDD5B00940C77 /* libsqlite3.dylib in Frameworks */,
				01E0CFE2164BDD5100940C77 /* CoreLocation.framework in Frameworks */,
				01BE622C164B3B000000679C /* CoreGraphics.framework in Frameworks */,
				01E0CFE0164BDD4000940C77 /* CFNetwork.framework in Frameworks */,
				01E0CFDE164BDD3A00940C77 /* AdSupport.framework in Frameworks */,
				01E0CFDC164BDD2D00940C77 /* Accounts.framework in Frameworks */,
				01E0CFDA164BDD2600940C77 /* AudioToolbox.framework in Frameworks */,
				013341C7164B5DD900C2984B /* MapKit.framework in Frameworks */,
				01BE6228164B3B000000679C /* UIKit.framework in Frameworks */,
				01BE622A164B3B000000679C /* Foundation.framework in Frameworks */,
				018B5E6E164DA0CE00042B4E /* Parse.framework in Frameworks */,
				018B5E70164DA0DE00042B4E /* FacebookSDK.framework in Frameworks */,
				0173BAF0166A62CC00B89082 /* SDWebImage.framework in Frameworks */,
			);
			runOnlyForDeploymentPostprocessing = 0;
		};
		01BE6240164B3B010000679C /* Frameworks */ = {
			isa = PBXFrameworksBuildPhase;
			buildActionMask = 2147483647;
			files = (
				01BE6246164B3B010000679C /* SenTestingKit.framework in Frameworks */,
				01BE6247164B3B010000679C /* UIKit.framework in Frameworks */,
				01BE6248164B3B010000679C /* Foundation.framework in Frameworks */,
			);
			runOnlyForDeploymentPostprocessing = 0;
		};
/* End PBXFrameworksBuildPhase section */

/* Begin PBXGroup section */
		013341BF164B58D200C2984B /* Controllers */ = {
			isa = PBXGroup;
			children = (
				015E88EB165EC0090008DED8 /* Cell */,
				013341B5164B4C0700C2984B /* MenuViewController.h */,
				013341B6164B4C0700C2984B /* MenuViewController.m */,
				013341BA164B58C100C2984B /* BlocosByLocationViewController.h */,
				013341BB164B58C100C2984B /* BlocosByLocationViewController.m */,
				01E0CFF3164BE2A300940C77 /* BlocosByNameViewController.h */,
				01E0CFF4164BE2A300940C77 /* BlocosByNameViewController.m */,
				0168CB821659586B003DD8AF /* BlocosByDateViewController.h */,
				0168CB831659586B003DD8AF /* BlocosByDateViewController.m */,
				018B5E61164D8B8600042B4E /* BaseViewController.h */,
				018B5E62164D8B8600042B4E /* BaseViewController.m */,
				018B5E64164D8E0500042B4E /* LoginViewController.h */,
				018B5E65164D8E0500042B4E /* LoginViewController.m */,
				018B5E73164DB19B00042B4E /* BlocoViewController.h */,
				018B5E74164DB19B00042B4E /* BlocoViewController.m */,
				01400123165AD1C8008F0429 /* ProfileViewController.h */,
				01400124165AD1C8008F0429 /* ProfileViewController.m */,
				01CC6361165B3A6A005F68BA /* WhoIsGoingViewController.h */,
				01CC6362165B3A6A005F68BA /* WhoIsGoingViewController.m */,
				015E88EF165F19E30008DED8 /* WhereMyFriendsAreGoingViewController.h */,
				015E88F0165F19E40008DED8 /* WhereMyFriendsAreGoingViewController.m */,
				015E88F4165F447B0008DED8 /* WhereAreMoreViewController.h */,
				015E88F5165F447C0008DED8 /* WhereAreMoreViewController.m */,
				0197C4321664013F00BA532D /* MapSettingsViewController.h */,
				0197C4331664013F00BA532D /* MapSettingsViewController.m */,
			);
			name = Controllers;
			sourceTree = "<group>";
		};
		013341C0164B5B1300C2984B /* Submodules */ = {
			isa = PBXGroup;
			children = (
				0168CB72165955FB003DD8AF /* Kal */,
				013341C1164B5B1300C2984B /* ZUUIRevealController */,
			);
			path = Submodules;
			sourceTree = "<group>";
		};
		013341C1164B5B1300C2984B /* ZUUIRevealController */ = {
			isa = PBXGroup;
			children = (
				013341C2164B5B1300C2984B /* ZUUIRevealController.h */,
				013341C3164B5B1300C2984B /* ZUUIRevealController.m */,
			);
			path = ZUUIRevealController;
			sourceTree = "<group>";
		};
		0140011C165AB0BC008F0429 /* Utils */ = {
			isa = PBXGroup;
			children = (
				01AAF199166BE7CE002CA70D /* Theme */,
				0140011D165AB0BC008F0429 /* KalBlocosDataSource.h */,
				0140011E165AB0BC008F0429 /* KalBlocosDataSource.m */,
				01400120165AB490008F0429 /* ParadeAnnotation.h */,
				01400121165AB490008F0429 /* ParadeAnnotation.m */,
				01CC6356165B0FA4005F68BA /* FoliaoRankingTitle.h */,
				01CC6357165B0FA4005F68BA /* FoliaoRankingTitle.m */,
				01AA2AE7165FFFF0001AEBFB /* DateUtil.h */,
				01AA2AE8165FFFF0001AEBFB /* DateUtil.m */,
				0173BAF4166A6C2900B89082 /* UIColor+Foliao.h */,
				0173BAF5166A6C2900B89082 /* UIColor+Foliao.m */,
			);
			path = Utils;
			sourceTree = "<group>";
		};
		015E88EA165EBFF60008DED8 /* Cell */ = {
			isa = PBXGroup;
			children = (
				015E88E8165EBEBB0008DED8 /* FoliaoCell.xib */,
			);
			name = Cell;
			sourceTree = "<group>";
		};
		015E88EB165EC0090008DED8 /* Cell */ = {
			isa = PBXGroup;
			children = (
				015E88EC165EC0410008DED8 /* FoliaoCell.h */,
				015E88ED165EC0410008DED8 /* FoliaoCell.m */,
			);
			name = Cell;
			sourceTree = "<group>";
		};
		0168CB72165955FB003DD8AF /* Kal */ = {
			isa = PBXGroup;
			children = (
				0168CB8016595795003DD8AF /* Kal.bundle */,
				0168CB741659560B003DD8AF /* Kal.xcodeproj */,
			);
			name = Kal;
			sourceTree = "<group>";
		};
		0168CB751659560B003DD8AF /* Products */ = {
			isa = PBXGroup;
			children = (
				0168CB7C1659560B003DD8AF /* libKal.a */,
			);
			name = Products;
			sourceTree = "<group>";
		};
		01AAF173166BE689002CA70D /* Themes */ = {
			isa = PBXGroup;
			children = (
				01AAF174166BE689002CA70D /* Blue */,
				01AAF175166BE689002CA70D /* Green */,
				01AAF176166BE689002CA70D /* Orange */,
				01AAF17A166BE689002CA70D /* Pink */,
				01AAF17E166BE689002CA70D /* Purple */,
				01AAF17F166BE689002CA70D /* Yellow */,
			);
			path = Themes;
			sourceTree = "<group>";
		};
		01AAF174166BE689002CA70D /* Blue */ = {
			isa = PBXGroup;
			children = (
			);
			path = Blue;
			sourceTree = "<group>";
		};
		01AAF175166BE689002CA70D /* Green */ = {
			isa = PBXGroup;
			children = (
			);
			path = Green;
			sourceTree = "<group>";
		};
		01AAF176166BE689002CA70D /* Orange */ = {
			isa = PBXGroup;
			children = (
				01AAF177166BE689002CA70D /* bt-menu-laranja.png */,
				01AAF178166BE689002CA70D /* bt-voltar-laranja.png */,
				01AAF179166BE689002CA70D /* seta-laranja.png */,
			);
			path = Orange;
			sourceTree = "<group>";
		};
		01AAF17A166BE689002CA70D /* Pink */ = {
			isa = PBXGroup;
			children = (
				01AAF17B166BE689002CA70D /* bt-menu-rosa.png */,
				01AAF17C166BE689002CA70D /* bt-voltar-rosa.png */,
				01AAF17D166BE689002CA70D /* seta-rosa.png */,
			);
			path = Pink;
			sourceTree = "<group>";
		};
		01AAF17E166BE689002CA70D /* Purple */ = {
			isa = PBXGroup;
			children = (
			);
			path = Purple;
			sourceTree = "<group>";
		};
		01AAF17F166BE689002CA70D /* Yellow */ = {
			isa = PBXGroup;
			children = (
			);
			path = Yellow;
			sourceTree = "<group>";
		};
		01AAF186166BE691002CA70D /* Themes */ = {
			isa = PBXGroup;
			children = (
				01AAF187166BE691002CA70D /* Blue */,
				01AAF188166BE691002CA70D /* Green */,
				01AAF189166BE691002CA70D /* Orange */,
				01AAF18D166BE691002CA70D /* Pink */,
				01AAF191166BE691002CA70D /* Purple */,
				01AAF192166BE691002CA70D /* Yellow */,
			);
			path = Themes;
			sourceTree = "<group>";
		};
		01AAF187166BE691002CA70D /* Blue */ = {
			isa = PBXGroup;
			children = (
			);
			path = Blue;
			sourceTree = "<group>";
		};
		01AAF188166BE691002CA70D /* Green */ = {
			isa = PBXGroup;
			children = (
			);
			path = Green;
			sourceTree = "<group>";
		};
		01AAF189166BE691002CA70D /* Orange */ = {
			isa = PBXGroup;
			children = (
				01AAF18A166BE691002CA70D /* bt-menu-laranja@2x.png */,
				01AAF18B166BE691002CA70D /* bt-voltar-laranja@2x.png */,
				01AAF18C166BE691002CA70D /* seta-laranja@2x.png */,
			);
			path = Orange;
			sourceTree = "<group>";
		};
		01AAF18D166BE691002CA70D /* Pink */ = {
			isa = PBXGroup;
			children = (
				01AAF18E166BE691002CA70D /* bt-menu-rosa@2x.png */,
				01AAF18F166BE691002CA70D /* bt-voltar-rosa@2x.png */,
				01AAF190166BE691002CA70D /* seta-rosa@2x.png */,
			);
			path = Pink;
			sourceTree = "<group>";
		};
		01AAF191166BE691002CA70D /* Purple */ = {
			isa = PBXGroup;
			children = (
			);
			path = Purple;
			sourceTree = "<group>";
		};
		01AAF192166BE691002CA70D /* Yellow */ = {
			isa = PBXGroup;
			children = (
			);
			path = Yellow;
			sourceTree = "<group>";
		};
		01AAF199166BE7CE002CA70D /* Theme */ = {
			isa = PBXGroup;
			children = (
				01AAF19A166BE7F1002CA70D /* ThemeManager.h */,
				01AAF19B166BE7F1002CA70D /* ThemeManager.m */,
				01AAF19D166BE8CD002CA70D /* OrangeTheme.h */,
				01AAF19E166BE8CD002CA70D /* OrangeTheme.m */,
				01AAF1A0166BEA88002CA70D /* PinkTheme.h */,
				01AAF1A1166BEA88002CA70D /* PinkTheme.m */,
			);
			name = Theme;
			sourceTree = "<group>";
		};
		01BE6218164B3B000000679C = {
			isa = PBXGroup;
			children = (
				01BE624B164B3B010000679C /* FoliaoTests */,
				01BE622D164B3B000000679C /* Foliao */,
				01BE6226164B3B000000679C /* Frameworks */,
				01BE6224164B3B000000679C /* Products */,
			);
			sourceTree = "<group>";
		};
		01BE6224164B3B000000679C /* Products */ = {
			isa = PBXGroup;
			children = (
				01BE6223164B3B000000679C /* Foliao.app */,
				01BE6244164B3B010000679C /* FoliaoTests.octest */,
			);
			name = Products;
			sourceTree = "<group>";
		};
		01BE6226164B3B000000679C /* Frameworks */ = {
			isa = PBXGroup;
			children = (
				0173BAEF166A62CC00B89082 /* SDWebImage.framework */,
				01179929165B05A50095D425 /* ImageIO.framework */,
				018B5E71164DA0F000042B4E /* FacebookSDKResources.bundle */,
				018B5E6F164DA0DE00042B4E /* FacebookSDK.framework */,
				018B5E6D164DA0CE00042B4E /* Parse.framework */,
				01E0CFF1164BDD8600940C77 /* SystemConfiguration.framework */,
				01E0CFEF164BDD8100940C77 /* StoreKit.framework */,
				01E0CFED164BDD7C00940C77 /* Social.framework */,
				01E0CFEB164BDD7500940C77 /* Security.framework */,
				01E0CFE9164BDD7000940C77 /* QuartzCore.framework */,
				01E0CFE7164BDD6A00940C77 /* MobileCoreServices.framework */,
				01E0CFE5164BDD6400940C77 /* libz.1.1.3.dylib */,
				01E0CFE3164BDD5B00940C77 /* libsqlite3.dylib */,
				01E0CFE1164BDD5100940C77 /* CoreLocation.framework */,
				01E0CFDF164BDD4000940C77 /* CFNetwork.framework */,
				01E0CFDD164BDD3A00940C77 /* AdSupport.framework */,
				01E0CFDB164BDD2D00940C77 /* Accounts.framework */,
				01E0CFD9164BDD2600940C77 /* AudioToolbox.framework */,
				013341C6164B5DD900C2984B /* MapKit.framework */,
				01BE6227164B3B000000679C /* UIKit.framework */,
				01BE6229164B3B000000679C /* Foundation.framework */,
				01BE622B164B3B000000679C /* CoreGraphics.framework */,
				01BE6245164B3B010000679C /* SenTestingKit.framework */,
			);
			name = Frameworks;
			sourceTree = "<group>";
		};
		01BE622D164B3B000000679C /* Foliao */ = {
			isa = PBXGroup;
			children = (
				01EBA922165D7422005C1847 /* Views */,
				013341C0164B5B1300C2984B /* Submodules */,
				013341BF164B58D200C2984B /* Controllers */,
				01BE6265164B3D450000679C /* Media */,
				0140011C165AB0BC008F0429 /* Utils */,
				01BE622E164B3B000000679C /* Supporting Files */,
				01BE6236164B3B000000679C /* AppDelegate.h */,
				01BE6237164B3B000000679C /* AppDelegate.m */,
			);
			path = Foliao;
			sourceTree = "<group>";
		};
		01BE622E164B3B000000679C /* Supporting Files */ = {
			isa = PBXGroup;
			children = (
				01BE622F164B3B000000679C /* Foliao-Info.plist */,
				01BE6230164B3B000000679C /* InfoPlist.strings */,
				01BE6233164B3B000000679C /* main.m */,
				01BE6235164B3B000000679C /* Foliao-Prefix.pch */,
				01BE6260164B3CB80000679C /* Assets */,
				018B5E60164D869000042B4E /* AppConstants.h */,
			);
			name = "Supporting Files";
			sourceTree = "<group>";
		};
		01BE624B164B3B010000679C /* FoliaoTests */ = {
			isa = PBXGroup;
			children = (
				01BE6251164B3B010000679C /* FoliaoTests.h */,
				01BE6252164B3B010000679C /* FoliaoTests.m */,
				01BE624C164B3B010000679C /* Supporting Files */,
			);
			path = FoliaoTests;
			sourceTree = SOURCE_ROOT;
		};
		01BE624C164B3B010000679C /* Supporting Files */ = {
			isa = PBXGroup;
			children = (
				01BE624D164B3B010000679C /* FoliaoTests-Info.plist */,
				01BE624E164B3B010000679C /* InfoPlist.strings */,
			);
			name = "Supporting Files";
			sourceTree = "<group>";
		};
		01BE6260164B3CB80000679C /* Assets */ = {
			isa = PBXGroup;
			children = (
				014EECC3164DC82400C4F626 /* 57x57.png */,
				01BE6261164B3CEA0000679C /* 114x114.png */,
				01BE6262164B3CEA0000679C /* 512x512.png */,
				019E6B381655DB790025786D /* Default.png */,
				019E6B391655DB790025786D /* Default@2x.png */,
				01BE623D164B3B000000679C /* Default-568h@2x.png */,
			);
			name = Assets;
			sourceTree = "<group>";
		};
		01BE6265164B3D450000679C /* Media */ = {
			isa = PBXGroup;
			children = (
				01BE6266164B3D450000679C /* Images */,
			);
			path = Media;
			sourceTree = "<group>";
		};
		01BE6266164B3D450000679C /* Images */ = {
			isa = PBXGroup;
			children = (
				01BE6267164B3D450000679C /* Basic */,
				01BE626F164B3D450000679C /* Retina */,
			);
			path = Images;
			sourceTree = "<group>";
		};
		01BE6267164B3D450000679C /* Basic */ = {
			isa = PBXGroup;
			children = (
				01AAF173166BE689002CA70D /* Themes */,
				01B42BD41666A1F80080F2C9 /* bt-roxo.png */,
				01B42BD0166699800080F2C9 /* bt-branco.png */,
				01F25198166033E7009C52B4 /* menu-section-background.png */,
				01F2519216602F71009C52B4 /* seta-branca.png */,
				01CC6359165B2FB1005F68BA /* bt-locate-me-bg.png */,
				01CC635A165B2FB1005F68BA /* bt-locate-me.png */,
				014EECBF164DC80000C4F626 /* navigation-bar.png */,
				01BE6268164B3D450000679C /* bt-checkin.png */,
				01BE6269164B3D450000679C /* bt-base.png */,
				01BE626D164B3D450000679C /* marca.png */,
			);
			path = Basic;
			sourceTree = "<group>";
		};
		01BE626F164B3D450000679C /* Retina */ = {
			isa = PBXGroup;
			children = (
				01AAF186166BE691002CA70D /* Themes */,
				01B42BD21666A1E10080F2C9 /* bt-roxo@2x.png */,
				01B42BCE166699700080F2C9 /* bt-branco@2x.png */,
				01F25196166033C1009C52B4 /* menu-section-background@2x.png */,
				01F2519416602F96009C52B4 /* seta-branca@2x.png */,
				01CC636F165B45B2005F68BA /* 110x110.gif */,
				01CC6354165B091E005F68BA /* 200x200.gif */,
				01CC635D165B2FC6005F68BA /* bt-locate-me-bg@2x.png */,
				01CC635E165B2FC6005F68BA /* bt-locate-me@2x.png */,
				014EECC1164DC80D00C4F626 /* navigation-bar@2x.png */,
				01BE6270164B3D450000679C /* bt-checkin@2x.png */,
				01BE6271164B3D450000679C /* bt-base@2x.png */,
				01BE6275164B3D450000679C /* marca@2x.png */,
			);
			path = Retina;
			sourceTree = "<group>";
		};
		01EBA922165D7422005C1847 /* Views */ = {
			isa = PBXGroup;
			children = (
				015E88EA165EBFF60008DED8 /* Cell */,
				01EBA923165D7422005C1847 /* BlocosByLocationViewController.xib */,
				01EBA924165D7422005C1847 /* BlocosByNameViewController.xib */,
				01EBA925165D7422005C1847 /* BlocoViewController.xib */,
				01EBA926165D7422005C1847 /* LoginViewController.xib */,
				01EBA927165D7422005C1847 /* MenuViewController.xib */,
				01EBA928165D7422005C1847 /* ProfileViewController.xib */,
				01EBA929165D7422005C1847 /* WhoIsGoingViewController.xib */,
				015E88F2165F1A000008DED8 /* WhereMyFriendsAreGoingViewController.xib */,
				015E88F7165F449F0008DED8 /* WhereAreMoreViewController.xib */,
				0197C4351664016A00BA532D /* MapSettingsViewController.xib */,
			);
			path = Views;
			sourceTree = "<group>";
		};
/* End PBXGroup section */

/* Begin PBXNativeTarget section */
		01BE6222164B3B000000679C /* Foliao */ = {
			isa = PBXNativeTarget;
			buildConfigurationList = 01BE6256164B3B010000679C /* Build configuration list for PBXNativeTarget "Foliao" */;
			buildPhases = (
				01BE621F164B3B000000679C /* Sources */,
				01BE6220164B3B000000679C /* Frameworks */,
				01BE6221164B3B000000679C /* Resources */,
			);
			buildRules = (
			);
			dependencies = (
				0168CB7E1659575D003DD8AF /* PBXTargetDependency */,
			);
			name = Foliao;
			productName = Foliao;
			productReference = 01BE6223164B3B000000679C /* Foliao.app */;
			productType = "com.apple.product-type.application";
		};
		01BE6243164B3B010000679C /* FoliaoTests */ = {
			isa = PBXNativeTarget;
			buildConfigurationList = 01BE6259164B3B010000679C /* Build configuration list for PBXNativeTarget "FoliaoTests" */;
			buildPhases = (
				01BE623F164B3B010000679C /* Sources */,
				01BE6240164B3B010000679C /* Frameworks */,
				01BE6241164B3B010000679C /* Resources */,
				01BE6242164B3B010000679C /* ShellScript */,
			);
			buildRules = (
			);
			dependencies = (
				01BE624A164B3B010000679C /* PBXTargetDependency */,
			);
			name = FoliaoTests;
			productName = FoliaoTests;
			productReference = 01BE6244164B3B010000679C /* FoliaoTests.octest */;
			productType = "com.apple.product-type.bundle";
		};
/* End PBXNativeTarget section */

/* Begin PBXProject section */
		01BE621A164B3B000000679C /* Project object */ = {
			isa = PBXProject;
			attributes = {
				LastUpgradeCheck = 0450;
				ORGANIZATIONNAME = 7pixels;
			};
			buildConfigurationList = 01BE621D164B3B000000679C /* Build configuration list for PBXProject "Foliao" */;
			compatibilityVersion = "Xcode 3.2";
			developmentRegion = English;
			hasScannedForEncodings = 0;
			knownRegions = (
				en,
			);
			mainGroup = 01BE6218164B3B000000679C;
			productRefGroup = 01BE6224164B3B000000679C /* Products */;
			projectDirPath = "";
			projectReferences = (
				{
					ProductGroup = 0168CB751659560B003DD8AF /* Products */;
					ProjectRef = 0168CB741659560B003DD8AF /* Kal.xcodeproj */;
				},
			);
			projectRoot = "";
			targets = (
				01BE6222164B3B000000679C /* Foliao */,
				01BE6243164B3B010000679C /* FoliaoTests */,
			);
		};
/* End PBXProject section */

/* Begin PBXReferenceProxy section */
		0168CB7C1659560B003DD8AF /* libKal.a */ = {
			isa = PBXReferenceProxy;
			fileType = archive.ar;
			path = libKal.a;
			remoteRef = 0168CB7B1659560B003DD8AF /* PBXContainerItemProxy */;
			sourceTree = BUILT_PRODUCTS_DIR;
		};
/* End PBXReferenceProxy section */

/* Begin PBXResourcesBuildPhase section */
		01BE6221164B3B000000679C /* Resources */ = {
			isa = PBXResourcesBuildPhase;
			buildActionMask = 2147483647;
			files = (
				01BE6232164B3B000000679C /* InfoPlist.strings in Resources */,
				01BE623E164B3B000000679C /* Default-568h@2x.png in Resources */,
				01BE6263164B3CEA0000679C /* 114x114.png in Resources */,
				01BE6264164B3CEA0000679C /* 512x512.png in Resources */,
				01BE6277164B3D450000679C /* bt-checkin.png in Resources */,
				01BE6278164B3D450000679C /* bt-base.png in Resources */,
				01BE627C164B3D450000679C /* marca.png in Resources */,
				01BE627E164B3D450000679C /* bt-checkin@2x.png in Resources */,
				01BE627F164B3D450000679C /* bt-base@2x.png in Resources */,
				01BE6283164B3D450000679C /* marca@2x.png in Resources */,
				018B5E72164DA0F000042B4E /* FacebookSDKResources.bundle in Resources */,
				014EECC0164DC80000C4F626 /* navigation-bar.png in Resources */,
				014EECC2164DC80E00C4F626 /* navigation-bar@2x.png in Resources */,
				014EECC4164DC82400C4F626 /* 57x57.png in Resources */,
				019E6B3A1655DB790025786D /* Default.png in Resources */,
				019E6B3B1655DB790025786D /* Default@2x.png in Resources */,
				0168CB8116595795003DD8AF /* Kal.bundle in Resources */,
				01CC6355165B091E005F68BA /* 200x200.gif in Resources */,
				01CC635B165B2FB1005F68BA /* bt-locate-me-bg.png in Resources */,
				01CC635C165B2FB1005F68BA /* bt-locate-me.png in Resources */,
				01CC635F165B2FC6005F68BA /* bt-locate-me-bg@2x.png in Resources */,
				01CC6360165B2FC6005F68BA /* bt-locate-me@2x.png in Resources */,
				01CC6370165B45B2005F68BA /* 110x110.gif in Resources */,
				01EBA92A165D7422005C1847 /* BlocosByLocationViewController.xib in Resources */,
				01EBA92B165D7422005C1847 /* BlocosByNameViewController.xib in Resources */,
				01EBA92C165D7422005C1847 /* BlocoViewController.xib in Resources */,
				01EBA92D165D7422005C1847 /* LoginViewController.xib in Resources */,
				01EBA92E165D7422005C1847 /* MenuViewController.xib in Resources */,
				01EBA92F165D7422005C1847 /* ProfileViewController.xib in Resources */,
				01EBA930165D7422005C1847 /* WhoIsGoingViewController.xib in Resources */,
				015E88E9165EBEBB0008DED8 /* FoliaoCell.xib in Resources */,
				015E88F3165F1A000008DED8 /* WhereMyFriendsAreGoingViewController.xib in Resources */,
				015E88F8165F449F0008DED8 /* WhereAreMoreViewController.xib in Resources */,
				01F2519316602F71009C52B4 /* seta-branca.png in Resources */,
				01F2519516602F96009C52B4 /* seta-branca@2x.png in Resources */,
				01F25197166033C1009C52B4 /* menu-section-background@2x.png in Resources */,
				01F25199166033E7009C52B4 /* menu-section-background.png in Resources */,
				0197C4361664016A00BA532D /* MapSettingsViewController.xib in Resources */,
				01B42BCF166699700080F2C9 /* bt-branco@2x.png in Resources */,
				01B42BD1166699800080F2C9 /* bt-branco.png in Resources */,
				01B42BD31666A1E10080F2C9 /* bt-roxo@2x.png in Resources */,
				01B42BD51666A1F80080F2C9 /* bt-roxo.png in Resources */,
				01AAF180166BE689002CA70D /* bt-menu-laranja.png in Resources */,
				01AAF181166BE689002CA70D /* bt-voltar-laranja.png in Resources */,
				01AAF182166BE689002CA70D /* seta-laranja.png in Resources */,
				01AAF183166BE689002CA70D /* bt-menu-rosa.png in Resources */,
				01AAF184166BE689002CA70D /* bt-voltar-rosa.png in Resources */,
				01AAF185166BE689002CA70D /* seta-rosa.png in Resources */,
				01AAF193166BE691002CA70D /* bt-menu-laranja@2x.png in Resources */,
				01AAF194166BE691002CA70D /* bt-voltar-laranja@2x.png in Resources */,
				01AAF195166BE691002CA70D /* seta-laranja@2x.png in Resources */,
				01AAF196166BE691002CA70D /* bt-menu-rosa@2x.png in Resources */,
				01AAF197166BE691002CA70D /* bt-voltar-rosa@2x.png in Resources */,
				01AAF198166BE691002CA70D /* seta-rosa@2x.png in Resources */,
			);
			runOnlyForDeploymentPostprocessing = 0;
		};
		01BE6241164B3B010000679C /* Resources */ = {
			isa = PBXResourcesBuildPhase;
			buildActionMask = 2147483647;
			files = (
				01BE6250164B3B010000679C /* InfoPlist.strings in Resources */,
			);
			runOnlyForDeploymentPostprocessing = 0;
		};
/* End PBXResourcesBuildPhase section */

/* Begin PBXShellScriptBuildPhase section */
		01BE6242164B3B010000679C /* ShellScript */ = {
			isa = PBXShellScriptBuildPhase;
			buildActionMask = 2147483647;
			files = (
			);
			inputPaths = (
			);
			outputPaths = (
			);
			runOnlyForDeploymentPostprocessing = 0;
			shellPath = /bin/sh;
			shellScript = "# Run the unit tests in this test bundle.\n\"${SYSTEM_DEVELOPER_DIR}/Tools/RunUnitTests\"\n";
		};
/* End PBXShellScriptBuildPhase section */

/* Begin PBXSourcesBuildPhase section */
		01BE621F164B3B000000679C /* Sources */ = {
			isa = PBXSourcesBuildPhase;
			buildActionMask = 2147483647;
			files = (
				01BE6234164B3B000000679C /* main.m in Sources */,
				01BE6238164B3B000000679C /* AppDelegate.m in Sources */,
				013341B8164B4C0700C2984B /* MenuViewController.m in Sources */,
				013341BD164B58C100C2984B /* BlocosByLocationViewController.m in Sources */,
				013341C5164B5B1300C2984B /* ZUUIRevealController.m in Sources */,
				01E0CFF6164BE2A300940C77 /* BlocosByNameViewController.m in Sources */,
				018B5E63164D8B8600042B4E /* BaseViewController.m in Sources */,
				018B5E67164D8E0500042B4E /* LoginViewController.m in Sources */,
				018B5E76164DB19B00042B4E /* BlocoViewController.m in Sources */,
				0168CB841659586B003DD8AF /* BlocosByDateViewController.m in Sources */,
				0140011F165AB0BC008F0429 /* KalBlocosDataSource.m in Sources */,
				01400122165AB490008F0429 /* ParadeAnnotation.m in Sources */,
				01400126165AD1C8008F0429 /* ProfileViewController.m in Sources */,
				01CC6358165B0FA4005F68BA /* FoliaoRankingTitle.m in Sources */,
				01CC6364165B3A6A005F68BA /* WhoIsGoingViewController.m in Sources */,
				015E88EE165EC0410008DED8 /* FoliaoCell.m in Sources */,
				015E88F1165F19E40008DED8 /* WhereMyFriendsAreGoingViewController.m in Sources */,
				015E88F6165F447D0008DED8 /* WhereAreMoreViewController.m in Sources */,
				01AA2AE9165FFFF0001AEBFB /* DateUtil.m in Sources */,
				0197C4341664013F00BA532D /* MapSettingsViewController.m in Sources */,
				0173BAF6166A6C2900B89082 /* UIColor+Foliao.m in Sources */,
				01AAF19C166BE7F1002CA70D /* ThemeManager.m in Sources */,
				01AAF19F166BE8CD002CA70D /* OrangeTheme.m in Sources */,
				01AAF1A2166BEA88002CA70D /* PinkTheme.m in Sources */,
			);
			runOnlyForDeploymentPostprocessing = 0;
		};
		01BE623F164B3B010000679C /* Sources */ = {
			isa = PBXSourcesBuildPhase;
			buildActionMask = 2147483647;
			files = (
				01BE6253164B3B010000679C /* FoliaoTests.m in Sources */,
			);
			runOnlyForDeploymentPostprocessing = 0;
		};
/* End PBXSourcesBuildPhase section */

/* Begin PBXTargetDependency section */
		0168CB7E1659575D003DD8AF /* PBXTargetDependency */ = {
			isa = PBXTargetDependency;
			name = Kal;
			targetProxy = 0168CB7D1659575D003DD8AF /* PBXContainerItemProxy */;
		};
		01BE624A164B3B010000679C /* PBXTargetDependency */ = {
			isa = PBXTargetDependency;
			target = 01BE6222164B3B000000679C /* Foliao */;
			targetProxy = 01BE6249164B3B010000679C /* PBXContainerItemProxy */;
		};
/* End PBXTargetDependency section */

/* Begin PBXVariantGroup section */
		01BE6230164B3B000000679C /* InfoPlist.strings */ = {
			isa = PBXVariantGroup;
			children = (
				01BE6231164B3B000000679C /* en */,
			);
			name = InfoPlist.strings;
			sourceTree = "<group>";
		};
		01BE624E164B3B010000679C /* InfoPlist.strings */ = {
			isa = PBXVariantGroup;
			children = (
				01BE624F164B3B010000679C /* en */,
			);
			name = InfoPlist.strings;
			sourceTree = "<group>";
		};
/* End PBXVariantGroup section */

/* Begin XCBuildConfiguration section */
		01BE6254164B3B010000679C /* Debug */ = {
			isa = XCBuildConfiguration;
			buildSettings = {
				ALWAYS_SEARCH_USER_PATHS = NO;
				CLANG_CXX_LANGUAGE_STANDARD = "gnu++0x";
				CLANG_CXX_LIBRARY = "libc++";
				CLANG_ENABLE_OBJC_ARC = YES;
				CLANG_WARN_EMPTY_BODY = YES;
				CLANG_WARN__DUPLICATE_METHOD_MATCH = YES;
				CODE_SIGN_IDENTITY = "iPhone Developer: Gustavo Barbosa (W63BE6GZBF)";
				"CODE_SIGN_IDENTITY[sdk=iphoneos*]" = "iPhone Developer";
				COPY_PHASE_STRIP = NO;
				GCC_C_LANGUAGE_STANDARD = gnu99;
				GCC_DYNAMIC_NO_PIC = NO;
				GCC_OPTIMIZATION_LEVEL = 0;
				GCC_PREPROCESSOR_DEFINITIONS = (
					"DEBUG=1",
					"$(inherited)",
				);
				GCC_SYMBOLS_PRIVATE_EXTERN = NO;
				GCC_WARN_ABOUT_RETURN_TYPE = YES;
				GCC_WARN_UNINITIALIZED_AUTOS = YES;
				GCC_WARN_UNUSED_VARIABLE = YES;
				IPHONEOS_DEPLOYMENT_TARGET = 5.1;
				ONLY_ACTIVE_ARCH = YES;
				PROVISIONING_PROFILE = "238D3B28-06BA-44FC-88B5-2D9D5C660C7D";
				SDKROOT = iphoneos;
			};
			name = Debug;
		};
		01BE6255164B3B010000679C /* Release */ = {
			isa = XCBuildConfiguration;
			buildSettings = {
				ALWAYS_SEARCH_USER_PATHS = NO;
				CLANG_CXX_LANGUAGE_STANDARD = "gnu++0x";
				CLANG_CXX_LIBRARY = "libc++";
				CLANG_ENABLE_OBJC_ARC = YES;
				CLANG_WARN_EMPTY_BODY = YES;
				CLANG_WARN__DUPLICATE_METHOD_MATCH = YES;
				CODE_SIGN_IDENTITY = "iPhone Distribution: GUSTAVO BARBOSA";
				"CODE_SIGN_IDENTITY[sdk=iphoneos*]" = "iPhone Distribution: GUSTAVO BARBOSA";
				COPY_PHASE_STRIP = YES;
				GCC_C_LANGUAGE_STANDARD = gnu99;
				GCC_WARN_ABOUT_RETURN_TYPE = YES;
				GCC_WARN_UNINITIALIZED_AUTOS = YES;
				GCC_WARN_UNUSED_VARIABLE = YES;
				IPHONEOS_DEPLOYMENT_TARGET = 5.1;
				OTHER_CFLAGS = "-DNS_BLOCK_ASSERTIONS=1";
				PROVISIONING_PROFILE = "50A2ADB2-841A-472F-8594-CB123B95250D";
				"PROVISIONING_PROFILE[sdk=iphoneos*]" = "50A2ADB2-841A-472F-8594-CB123B95250D";
				SDKROOT = iphoneos;
				VALIDATE_PRODUCT = YES;
			};
			name = Release;
		};
		01BE6257164B3B010000679C /* Debug */ = {
			isa = XCBuildConfiguration;
			buildSettings = {
				CODE_SIGN_IDENTITY = "iPhone Developer: Gustavo Barbosa (W63BE6GZBF)";
				"CODE_SIGN_IDENTITY[sdk=iphoneos*]" = "iPhone Developer";
				FRAMEWORK_SEARCH_PATHS = (
					"$(inherited)",
					"\"$(SRCROOT)\"",
					"\"$(SRCROOT)/../../../Frameworks\"",
					"\"$(SRCROOT)/../../../Frameworks/FacebookSDK\"",
					"\"$(SRCROOT)/../../../Downloads\"",
				);
				GCC_PRECOMPILE_PREFIX_HEADER = YES;
				GCC_PREFIX_HEADER = "Foliao/Foliao-Prefix.pch";
				HEADER_SEARCH_PATHS = "../../ios/Kal/src/**";
				INFOPLIST_FILE = "Foliao/Foliao-Info.plist";
				IPHONEOS_DEPLOYMENT_TARGET = 5.1;
				"LIBRARY_SEARCH_PATHS[arch=*]" = /Users/barbosa/Projects/ios/Kal/src;
				"OTHER_LDFLAGS[arch=*]" = (
					"-all_load",
					"-ObjC",
				);
				PRODUCT_NAME = "$(TARGET_NAME)";
				PROVISIONING_PROFILE = "238D3B28-06BA-44FC-88B5-2D9D5C660C7D";
				"PROVISIONING_PROFILE[sdk=iphoneos*]" = "";
				WRAPPER_EXTENSION = app;
			};
			name = Debug;
		};
		01BE6258164B3B010000679C /* Release */ = {
			isa = XCBuildConfiguration;
			buildSettings = {
				CODE_SIGN_IDENTITY = "iPhone Distribution: GUSTAVO BARBOSA";
				FRAMEWORK_SEARCH_PATHS = (
					"$(inherited)",
					"\"$(SRCROOT)\"",
					"\"$(SRCROOT)/../../../Frameworks\"",
					"\"$(SRCROOT)/../../../Frameworks/FacebookSDK\"",
					"\"$(SRCROOT)/../../../Downloads\"",
				);
				GCC_PRECOMPILE_PREFIX_HEADER = YES;
				GCC_PREFIX_HEADER = "Foliao/Foliao-Prefix.pch";
				HEADER_SEARCH_PATHS = "../../ios/Kal/src/**";
				INFOPLIST_FILE = "Foliao/Foliao-Info.plist";
				IPHONEOS_DEPLOYMENT_TARGET = 5.1;
				LIBRARY_SEARCH_PATHS = /Users/barbosa/Projects/ios/Kal/src;
				"OTHER_LDFLAGS[arch=*]" = (
					"-all_load",
					"-ObjC",
				);
				PRODUCT_NAME = "$(TARGET_NAME)";
				PROVISIONING_PROFILE = "50A2ADB2-841A-472F-8594-CB123B95250D";
				WRAPPER_EXTENSION = app;
			};
			name = Release;
		};
		01BE625A164B3B010000679C /* Debug */ = {
			isa = XCBuildConfiguration;
			buildSettings = {
				BUNDLE_LOADER = "$(BUILT_PRODUCTS_DIR)/Foliao.app/Foliao";
				FRAMEWORK_SEARCH_PATHS = (
					"\"$(SDKROOT)/Developer/Library/Frameworks\"",
					"\"$(DEVELOPER_LIBRARY_DIR)/Frameworks\"",
				);
				GCC_PRECOMPILE_PREFIX_HEADER = YES;
				GCC_PREFIX_HEADER = "Foliao/Foliao-Prefix.pch";
				INFOPLIST_FILE = "FoliaoTests/FoliaoTests-Info.plist";
				PRODUCT_NAME = "$(TARGET_NAME)";
				TEST_HOST = "$(BUNDLE_LOADER)";
				WRAPPER_EXTENSION = octest;
			};
			name = Debug;
		};
		01BE625B164B3B010000679C /* Release */ = {
			isa = XCBuildConfiguration;
			buildSettings = {
				BUNDLE_LOADER = "$(BUILT_PRODUCTS_DIR)/Foliao.app/Foliao";
				FRAMEWORK_SEARCH_PATHS = (
					"\"$(SDKROOT)/Developer/Library/Frameworks\"",
					"\"$(DEVELOPER_LIBRARY_DIR)/Frameworks\"",
				);
				GCC_PRECOMPILE_PREFIX_HEADER = YES;
				GCC_PREFIX_HEADER = "Foliao/Foliao-Prefix.pch";
				INFOPLIST_FILE = "FoliaoTests/FoliaoTests-Info.plist";
				PRODUCT_NAME = "$(TARGET_NAME)";
				TEST_HOST = "$(BUNDLE_LOADER)";
				WRAPPER_EXTENSION = octest;
			};
			name = Release;
		};
/* End XCBuildConfiguration section */

/* Begin XCConfigurationList section */
		01BE621D164B3B000000679C /* Build configuration list for PBXProject "Foliao" */ = {
			isa = XCConfigurationList;
			buildConfigurations = (
				01BE6254164B3B010000679C /* Debug */,
				01BE6255164B3B010000679C /* Release */,
			);
			defaultConfigurationIsVisible = 0;
			defaultConfigurationName = Release;
		};
		01BE6256164B3B010000679C /* Build configuration list for PBXNativeTarget "Foliao" */ = {
			isa = XCConfigurationList;
			buildConfigurations = (
				01BE6257164B3B010000679C /* Debug */,
				01BE6258164B3B010000679C /* Release */,
			);
			defaultConfigurationIsVisible = 0;
			defaultConfigurationName = Release;
		};
		01BE6259164B3B010000679C /* Build configuration list for PBXNativeTarget "FoliaoTests" */ = {
			isa = XCConfigurationList;
			buildConfigurations = (
				01BE625A164B3B010000679C /* Debug */,
				01BE625B164B3B010000679C /* Release */,
			);
			defaultConfigurationIsVisible = 0;
			defaultConfigurationName = Release;
		};
/* End XCConfigurationList section */
	};
	rootObject = 01BE621A164B3B000000679C /* Project object */;
}
